<?xml version="1.0" encoding="UTF-8"?>
<Scheme
   LastUpgradeVersion = "1300"
   version = "1.3">
   <BuildAction
      parallelizeBuildables = "YES"
      buildImplicitDependencies = "YES">
      <BuildActionEntries>
         <BuildActionEntry
            buildForTesting = "YES"
            buildForRunning = "YES"
            buildForProfiling = "YES"
            buildForArchiving = "YES"
            buildForAnalyzing = "YES">
            <BuildableReference
               BuildableIdentifier = "primary"
               BlueprintIdentifier = "664893BC273007ED009F03E2"
               BuildableName = "Doolda.app"
               BlueprintName = "Doolda"
               ReferencedContainer = "container:Doolda.xcodeproj">
            </BuildableReference>
         </BuildActionEntry>
      </BuildActionEntries>
   </BuildAction>
   <TestAction
      buildConfiguration = "Debug"
      selectedDebuggerIdentifier = "Xcode.DebuggerFoundation.Debugger.LLDB"
      selectedLauncherIdentifier = "Xcode.DebuggerFoundation.Launcher.LLDB"
      shouldUseLaunchSchemeArgsEnv = "YES">
      <Testables>
         <TestableReference
            skipped = "NO">
            <BuildableReference
               BuildableIdentifier = "primary"
               BlueprintIdentifier = "FC4459AA2755E8C4004888B9"
               BuildableName = "GetMyIdUseCaseTest.xctest"
               BlueprintName = "GetMyIdUseCaseTest"
               ReferencedContainer = "container:Doolda.xcodeproj">
            </BuildableReference>
         </TestableReference>
         <TestableReference
            skipped = "NO">
            <BuildableReference
               BuildableIdentifier = "primary"
               BlueprintIdentifier = "319C21D4273BD764009CE65C"
               BuildableName = "URLSessionNetworkServiceTest.xctest"
               BlueprintName = "URLSessionNetworkServiceTest"
               ReferencedContainer = "container:Doolda.xcodeproj">
            </BuildableReference>
         </TestableReference>
         <TestableReference
            skipped = "NO">
            <BuildableReference
               BuildableIdentifier = "primary"
               BlueprintIdentifier = "1D992E2F2755E8EC002C4457"
               BuildableName = "GetUserUseCaseTest.xctest"
               BlueprintName = "GetUserUseCaseTest"
               ReferencedContainer = "container:Doolda.xcodeproj">
            </BuildableReference>
         </TestableReference>
         <TestableReference
            skipped = "NO">
            <BuildableReference
               BuildableIdentifier = "primary"
               BlueprintIdentifier = "FC4459EB27561A48004888B9"
               BuildableName = "PushNotificationStateUseCaseTest.xctest"
               BlueprintName = "PushNotificationStateUseCaseTest"
               ReferencedContainer = "container:Doolda.xcodeproj">
            </BuildableReference>
         </TestableReference>
         <TestableReference
            skipped = "NO">
            <BuildableReference
               BuildableIdentifier = "primary"
               BlueprintIdentifier = "66C2CA842755E9F200AFE5EE"
               BuildableName = "PairUserUseCaseTest.xctest"
               BlueprintName = "PairUserUseCaseTest"
               ReferencedContainer = "container:Doolda.xcodeproj">
            </BuildableReference>
         </TestableReference>
         <TestableReference
            skipped = "NO">
            <BuildableReference
               BuildableIdentifier = "primary"
               BlueprintIdentifier = "1DAEB02327560E8F0040E8C1"
               BuildableName = "FCMTokenUseCaseTest.xctest"
               BlueprintName = "FCMTokenUseCaseTest"
               ReferencedContainer = "container:Doolda.xcodeproj">
            </BuildableReference>
         </TestableReference>
         <TestableReference
            skipped = "NO">
            <BuildableReference
               BuildableIdentifier = "primary"
               BlueprintIdentifier = "66C2CAEB275640CA00AFE5EE"
               BuildableName = "GetRawPageUseCaseTest.xctest"
               BlueprintName = "GetRawPageUseCaseTest"
               ReferencedContainer = "container:Doolda.xcodeproj">
            </BuildableReference>
         </TestableReference>
         <TestableReference
            skipped = "NO">
            <BuildableReference
               BuildableIdentifier = "primary"
               BlueprintIdentifier = "66C2CAAA27561E1100AFE5EE"
               BuildableName = "RefreshUserUseCaseTest.xctest"
               BlueprintName = "RefreshUserUseCaseTest"
               ReferencedContainer = "container:Doolda.xcodeproj">
            </BuildableReference>
         </TestableReference>
         <TestableReference
            skipped = "NO">
            <BuildableReference
               BuildableIdentifier = "primary"
               BlueprintIdentifier = "66C2CAD527562C1500AFE5EE"
               BuildableName = "GetPageUseCaseTest.xctest"
               BlueprintName = "GetPageUseCaseTest"
               ReferencedContainer = "container:Doolda.xcodeproj">
            </BuildableReference>
         </TestableReference>
         <TestableReference
            skipped = "NO">
            <BuildableReference
               BuildableIdentifier = "primary"
               BlueprintIdentifier = "66C2CABF275623F700AFE5EE"
               BuildableName = "CheckMyTurnUseCaseTest.xctest"
               BlueprintName = "CheckMyTurnUseCaseTest"
               ReferencedContainer = "container:Doolda.xcodeproj">
            </BuildableReference>
         </TestableReference>
         <TestableReference
            skipped = "NO">
            <BuildableReference
               BuildableIdentifier = "primary"
               BlueprintIdentifier = "FC4459D727560731004888B9"
               BuildableName = "GlobalFontUseCaseTest.xctest"
               BlueprintName = "GlobalFontUseCaseTest"
               ReferencedContainer = "container:Doolda.xcodeproj">
            </BuildableReference>
         </TestableReference>
         <TestableReference
            skipped = "NO">
            <BuildableReference
               BuildableIdentifier = "primary"
               BlueprintIdentifier = "FC4459FD275622CB004888B9"
               BuildableName = "TextUseCaseTest.xctest"
               BlueprintName = "TextUseCaseTest"
               ReferencedContainer = "container:Doolda.xcodeproj">
            </BuildableReference>
         </TestableReference>
         <TestableReference
            skipped = "NO">
            <BuildableReference
               BuildableIdentifier = "primary"
               BlueprintIdentifier = "1DAEB00E275603C80040E8C1"
               BuildableName = "RegisterUserUseCaseTest.xctest"
               BlueprintName = "RegisterUserUseCaseTest"
               ReferencedContainer = "container:Doolda.xcodeproj">
            </BuildableReference>
         </TestableReference>
         <TestableReference
            skipped = "NO">
            <BuildableReference
               BuildableIdentifier = "primary"
               BlueprintIdentifier = "1DAEB039275617010040E8C1"
               BuildableName = "FirebaseMessageUseCaseTest.xctest"
               BlueprintName = "FirebaseMessageUseCaseTest"
               ReferencedContainer = "container:Doolda.xcodeproj">
            </BuildableReference>
         </TestableReference>
         <TestableReference
            skipped = "NO">
            <BuildableReference
               BuildableIdentifier = "primary"
               BlueprintIdentifier = "1D3925B9273BB4BE003A0B70"
               BuildableName = "EditPageUseCaseTest.xctest"
               BlueprintName = "EditPageUseCaseTest"
               ReferencedContainer = "container:Doolda.xcodeproj">
            </BuildableReference>
         </TestableReference>
         <TestableReference
            skipped = "NO">
            <BuildableReference
               BuildableIdentifier = "primary"
               BlueprintIdentifier = "31BEC8302755EA89009AF22A"
               BuildableName = "ImageUseCaseTest.xctest"
               BlueprintName = "ImageUseCaseTest"
               ReferencedContainer = "container:Doolda.xcodeproj">
            </BuildableReference>
         </TestableReference>
      </Testables>
   </TestAction>
   <LaunchAction
      buildConfiguration = "Debug"
      selectedDebuggerIdentifier = "Xcode.DebuggerFoundation.Debugger.LLDB"
      selectedLauncherIdentifier = "Xcode.DebuggerFoundation.Launcher.LLDB"
      launchStyle = "0"
      useCustomWorkingDirectory = "NO"
      ignoresPersistentStateOnLaunch = "NO"
      debugDocumentVersioning = "YES"
      debugServiceExtension = "internal"
      allowLocationSimulation = "YES">
      <BuildableProductRunnable
         runnableDebuggingMode = "0">
         <BuildableReference
            BuildableIdentifier = "primary"
            BlueprintIdentifier = "664893BC273007ED009F03E2"
            BuildableName = "Doolda.app"
            BlueprintName = "Doolda"
            ReferencedContainer = "container:Doolda.xcodeproj">
         </BuildableReference>
      </BuildableProductRunnable>
   </LaunchAction>
   <ProfileAction
      buildConfiguration = "Release"
      shouldUseLaunchSchemeArgsEnv = "YES"
      savedToolIdentifier = ""
      useCustomWorkingDirectory = "NO"
      debugDocumentVersioning = "YES">
      <BuildableProductRunnable
         runnableDebuggingMode = "0">
         <BuildableReference
            BuildableIdentifier = "primary"
            BlueprintIdentifier = "664893BC273007ED009F03E2"
            BuildableName = "Doolda.app"
            BlueprintName = "Doolda"
            ReferencedContainer = "container:Doolda.xcodeproj">
         </BuildableReference>
      </BuildableProductRunnable>
   </ProfileAction>
   <AnalyzeAction
      buildConfiguration = "Debug">
   </AnalyzeAction>
   <ArchiveAction
      buildConfiguration = "Release"
      revealArchiveInOrganizer = "YES">
   </ArchiveAction>
</Scheme>
