// !$*UTF8*$!
{
	archiveVersion = 1;
	classes = {
	};
	objectVersion = 55;
	objects = {

/* Begin PBXBuildFile section */
		1D0C8BC42732AF780091ACC0 /* GetUserUseCase.swift in Sources */ = {isa = PBXBuildFile; fileRef = 1D0C8BC32732AF780091ACC0 /* GetUserUseCase.swift */; };
		1D0C8BCC2732B5F90091ACC0 /* GetPairIdUseCaseTest.swift in Sources */ = {isa = PBXBuildFile; fileRef = 1D0C8BCB2732B5F90091ACC0 /* GetPairIdUseCaseTest.swift */; };
		1D0C8BD02732B7780091ACC0 /* UserRepositoryProtocol.swift in Sources */ = {isa = PBXBuildFile; fileRef = FC9F105A2730F1B20060FEB7 /* UserRepositoryProtocol.swift */; };
		1D0C8BD12732B7BA0091ACC0 /* GetUserUseCase.swift in Sources */ = {isa = PBXBuildFile; fileRef = 1D0C8BC32732AF780091ACC0 /* GetUserUseCase.swift */; };
		1D3629FE2733C79300CFC069 /* RegisterUserUseCase.swift in Sources */ = {isa = PBXBuildFile; fileRef = 1D3629FD2733C79300CFC069 /* RegisterUserUseCase.swift */; };
		1D58277D2732883E00FD0EA5 /* PairingViewCoordinatorDelegate.swift in Sources */ = {isa = PBXBuildFile; fileRef = 1D58277C2732883E00FD0EA5 /* PairingViewCoordinatorDelegate.swift */; };
		1D6232E72730F0DF00A9AD6B /* PairingViewController.swift in Sources */ = {isa = PBXBuildFile; fileRef = 1D6232E62730F0DF00A9AD6B /* PairingViewController.swift */; };
		1D6232E92730FA3900A9AD6B /* UIColor+Extensions.swift in Sources */ = {isa = PBXBuildFile; fileRef = 1D6232E82730FA3900A9AD6B /* UIColor+Extensions.swift */; };
		1D6232ED27310EE300A9AD6B /* UIImage+Extensions.swift in Sources */ = {isa = PBXBuildFile; fileRef = 1D6232EC27310EE300A9AD6B /* UIImage+Extensions.swift */; };
		1D6232EF2731117100A9AD6B /* UIControl+Extensions.swift in Sources */ = {isa = PBXBuildFile; fileRef = 1D6232EE2731117100A9AD6B /* UIControl+Extensions.swift */; };
		1D6232F327313D7400A9AD6B /* UIGestureRecognizer+Extensions.swift in Sources */ = {isa = PBXBuildFile; fileRef = 1D6232F227313D7300A9AD6B /* UIGestureRecognizer+Extensions.swift */; };
		1D6232F527313D8E00A9AD6B /* UIView+Extensions.swift in Sources */ = {isa = PBXBuildFile; fileRef = 1D6232F427313D8E00A9AD6B /* UIView+Extensions.swift */; };
		1D6232F7273140CF00A9AD6B /* CopyableLabel.swift in Sources */ = {isa = PBXBuildFile; fileRef = 1D6232F6273140CF00A9AD6B /* CopyableLabel.swift */; };
		1D6232F9273173E300A9AD6B /* UIResponder+Extensions.swift in Sources */ = {isa = PBXBuildFile; fileRef = 1D6232F8273173E300A9AD6B /* UIResponder+Extensions.swift */; };
		1DD6AD4027321F7800592AC8 /* dovemayo.otf in Resources */ = {isa = PBXBuildFile; fileRef = 1DD6AD3F27321E5800592AC8 /* dovemayo.otf */; };
		1DDAF0462730CE14006CD027 /* FirebaseAnalytics in Frameworks */ = {isa = PBXBuildFile; productRef = 1DDAF0452730CE14006CD027 /* FirebaseAnalytics */; };
		1DDAF0482730CE14006CD027 /* FirebaseAuth in Frameworks */ = {isa = PBXBuildFile; productRef = 1DDAF0472730CE14006CD027 /* FirebaseAuth */; };
		1DDAF04A2730CE14006CD027 /* FirebaseDatabase in Frameworks */ = {isa = PBXBuildFile; productRef = 1DDAF0492730CE14006CD027 /* FirebaseDatabase */; };
		1DDAF04C2730CE14006CD027 /* FirebaseFirestore in Frameworks */ = {isa = PBXBuildFile; productRef = 1DDAF04B2730CE14006CD027 /* FirebaseFirestore */; };
		1DDAF04E2730CE14006CD027 /* FirebaseMessaging in Frameworks */ = {isa = PBXBuildFile; productRef = 1DDAF04D2730CE14006CD027 /* FirebaseMessaging */; };
		1DDAF0502730CE14006CD027 /* FirebaseStorage in Frameworks */ = {isa = PBXBuildFile; productRef = 1DDAF04F2730CE14006CD027 /* FirebaseStorage */; };
		1DE5E5362738BBAA004F794F /* CoordinatorProtocol.swift in Sources */ = {isa = PBXBuildFile; fileRef = 1DE5E5352738BBAA004F794F /* CoordinatorProtocol.swift */; };
		3101258F2737987B00E43160 /* GoogleService-Info.plist in Resources */ = {isa = PBXBuildFile; fileRef = 3101258E2737987B00E43160 /* GoogleService-Info.plist */; };
		310125922738325800E43160 /* UIAlertController+Extensions.swift in Sources */ = {isa = PBXBuildFile; fileRef = 310125912738325800E43160 /* UIAlertController+Extensions.swift */; };
		310D80D32731402F00F15F4F /* ParingViewCoordinator.swift in Sources */ = {isa = PBXBuildFile; fileRef = 310D80D22731402F00F15F4F /* ParingViewCoordinator.swift */; };
		310D80D52731405B00F15F4F /* DiaryViewCoordinator.swift in Sources */ = {isa = PBXBuildFile; fileRef = 310D80D42731405B00F15F4F /* DiaryViewCoordinator.swift */; };
		310D81262733C7FC00F15F4F /* SplashViewModelTest.swift in Sources */ = {isa = PBXBuildFile; fileRef = 310D81252733C7FC00F15F4F /* SplashViewModelTest.swift */; };
		310D812C2733C83B00F15F4F /* SplashViewModel.swift in Sources */ = {isa = PBXBuildFile; fileRef = 664893FB27302947009F03E2 /* SplashViewModel.swift */; };
		310D812D2733C84B00F15F4F /* SplashViewCoordinatorDelegate.swift in Sources */ = {isa = PBXBuildFile; fileRef = 664893FD273029AC009F03E2 /* SplashViewCoordinatorDelegate.swift */; };
		310D812E2733C86000F15F4F /* GetMyIdUseCase.swift in Sources */ = {isa = PBXBuildFile; fileRef = FC9F10572730F0060060FEB7 /* GetMyIdUseCase.swift */; };
		310D812F2733C86000F15F4F /* GetUserUseCase.swift in Sources */ = {isa = PBXBuildFile; fileRef = 1D0C8BC32732AF780091ACC0 /* GetUserUseCase.swift */; };
		310D81322733CC1900F15F4F /* RegisterUserUseCase.swift in Sources */ = {isa = PBXBuildFile; fileRef = 1D3629FD2733C79300CFC069 /* RegisterUserUseCase.swift */; };
		310D81332733CD5400F15F4F /* UserRepositoryProtocol.swift in Sources */ = {isa = PBXBuildFile; fileRef = FC9F105A2730F1B20060FEB7 /* UserRepositoryProtocol.swift */; };
		310D81482733F56700F15F4F /* DiaryViewController.swift in Sources */ = {isa = PBXBuildFile; fileRef = 310D81472733F56700F15F4F /* DiaryViewController.swift */; };
		664893C1273007ED009F03E2 /* AppDelegate.swift in Sources */ = {isa = PBXBuildFile; fileRef = 664893C0273007ED009F03E2 /* AppDelegate.swift */; };
		664893C3273007ED009F03E2 /* SceneDelegate.swift in Sources */ = {isa = PBXBuildFile; fileRef = 664893C2273007ED009F03E2 /* SceneDelegate.swift */; };
		664893CA273007F1009F03E2 /* Assets.xcassets in Resources */ = {isa = PBXBuildFile; fileRef = 664893C9273007F1009F03E2 /* Assets.xcassets */; };
		664893CD273007F1009F03E2 /* LaunchScreen.storyboard in Resources */ = {isa = PBXBuildFile; fileRef = 664893CB273007F1009F03E2 /* LaunchScreen.storyboard */; };
		664893ED27300D7D009F03E2 /* SnapKit in Frameworks */ = {isa = PBXBuildFile; productRef = 664893EC27300D7D009F03E2 /* SnapKit */; };
		664893F027300DB9009F03E2 /* Kingfisher in Frameworks */ = {isa = PBXBuildFile; productRef = 664893EF27300DB9009F03E2 /* Kingfisher */; };
		664893F4273023D3009F03E2 /* SplashViewController.swift in Sources */ = {isa = PBXBuildFile; fileRef = 664893F3273023D3009F03E2 /* SplashViewController.swift */; };
		664893F82730272B009F03E2 /* AppCoordinator.swift in Sources */ = {isa = PBXBuildFile; fileRef = 664893F72730272B009F03E2 /* AppCoordinator.swift */; };
		664893FA27302905009F03E2 /* SplashViewCoordinator.swift in Sources */ = {isa = PBXBuildFile; fileRef = 664893F927302905009F03E2 /* SplashViewCoordinator.swift */; };
		664893FC27302947009F03E2 /* SplashViewModel.swift in Sources */ = {isa = PBXBuildFile; fileRef = 664893FB27302947009F03E2 /* SplashViewModel.swift */; };
		664893FE273029AC009F03E2 /* SplashViewCoordinatorDelegate.swift in Sources */ = {isa = PBXBuildFile; fileRef = 664893FD273029AC009F03E2 /* SplashViewCoordinatorDelegate.swift */; };
		664894182730F1B1009F03E2 /* PairingViewModel.swift in Sources */ = {isa = PBXBuildFile; fileRef = 664894172730F1B0009F03E2 /* PairingViewModel.swift */; };
		669ADE3E2732E55F007B529B /* UserRepositoryProtocol.swift in Sources */ = {isa = PBXBuildFile; fileRef = FC9F105A2730F1B20060FEB7 /* UserRepositoryProtocol.swift */; };
		669ADE3F2732E55F007B529B /* RefreshPairIdUseCaseTest.swift in Sources */ = {isa = PBXBuildFile; fileRef = 669ADE342732E4A8007B529B /* RefreshPairIdUseCaseTest.swift */; };
		66F5D47A2733E88F000FB471 /* PageEntity.swift in Sources */ = {isa = PBXBuildFile; fileRef = 66F5D4792733E88F000FB471 /* PageEntity.swift */; };
		66F5D47C2733EA32000FB471 /* ComponentEntity.swift in Sources */ = {isa = PBXBuildFile; fileRef = 66F5D47B2733EA32000FB471 /* ComponentEntity.swift */; };
		66F5D47E2733EE8F000FB471 /* RawPageEntity.swift in Sources */ = {isa = PBXBuildFile; fileRef = 66F5D47D2733EE8F000FB471 /* RawPageEntity.swift */; };
		66FE936B273564DB0036CED2 /* DDID.swift in Sources */ = {isa = PBXBuildFile; fileRef = 66FE936A273564DB0036CED2 /* DDID.swift */; };
		66FE936D2735655C0036CED2 /* DDIDDataTransferObject.swift in Sources */ = {isa = PBXBuildFile; fileRef = 66FE936C2735655C0036CED2 /* DDIDDataTransferObject.swift */; };
		66FE936F27356E160036CED2 /* User.swift in Sources */ = {isa = PBXBuildFile; fileRef = 66FE936E27356E160036CED2 /* User.swift */; };
		66FE9371273671910036CED2 /* PairUserUseCase.swift in Sources */ = {isa = PBXBuildFile; fileRef = 66FE9370273671910036CED2 /* PairUserUseCase.swift */; };
		66FE9373273688E10036CED2 /* RefreshUserUseCase.swift in Sources */ = {isa = PBXBuildFile; fileRef = 66FE9372273688E10036CED2 /* RefreshUserUseCase.swift */; };
		FC5FB79027325C4D008AC3D2 /* UserDocument.swift in Sources */ = {isa = PBXBuildFile; fileRef = FC5FB78F27325C4D008AC3D2 /* UserDocument.swift */; };
		FC5FB79127325D2C008AC3D2 /* UserDocument.swift in Sources */ = {isa = PBXBuildFile; fileRef = FC5FB78F27325C4D008AC3D2 /* UserDocument.swift */; };
		FC5FB793273260C3008AC3D2 /* UserRepository.swift in Sources */ = {isa = PBXBuildFile; fileRef = FC5FB792273260C3008AC3D2 /* UserRepository.swift */; };
		FC5FB7952732627C008AC3D2 /* PairDocument.swift in Sources */ = {isa = PBXBuildFile; fileRef = FC5FB7942732627C008AC3D2 /* PairDocument.swift */; };
		FC5FB79627326306008AC3D2 /* PairDocument.swift in Sources */ = {isa = PBXBuildFile; fileRef = FC5FB7942732627C008AC3D2 /* PairDocument.swift */; };
		FC5FB79827327861008AC3D2 /* FirebaseDocument.swift in Sources */ = {isa = PBXBuildFile; fileRef = FC5FB79727327861008AC3D2 /* FirebaseDocument.swift */; };
		FC5FB79A273284E2008AC3D2 /* UserDefaultsPersistenceService.swift in Sources */ = {isa = PBXBuildFile; fileRef = FC5FB799273284E2008AC3D2 /* UserDefaultsPersistenceService.swift */; };
		FC5FB79C27328579008AC3D2 /* UserDefaultsPersistenceServiceProtocol.swift in Sources */ = {isa = PBXBuildFile; fileRef = FC5FB79B27328579008AC3D2 /* UserDefaultsPersistenceServiceProtocol.swift */; };
		FC5FB7AC27328E3E008AC3D2 /* FirebaseDocument.swift in Sources */ = {isa = PBXBuildFile; fileRef = FC5FB79727327861008AC3D2 /* FirebaseDocument.swift */; };
		FC5FB7CC27339213008AC3D2 /* UserRepositoryTests.swift in Sources */ = {isa = PBXBuildFile; fileRef = FC5FB7CB27339213008AC3D2 /* UserRepositoryTests.swift */; };
		FC5FB7D22733927B008AC3D2 /* UserRepositoryProtocol.swift in Sources */ = {isa = PBXBuildFile; fileRef = FC9F105A2730F1B20060FEB7 /* UserRepositoryProtocol.swift */; };
		FC5FB7D32733927B008AC3D2 /* UserRepository.swift in Sources */ = {isa = PBXBuildFile; fileRef = FC5FB792273260C3008AC3D2 /* UserRepository.swift */; };
		FC5FB7D42733927B008AC3D2 /* UserDocument.swift in Sources */ = {isa = PBXBuildFile; fileRef = FC5FB78F27325C4D008AC3D2 /* UserDocument.swift */; };
		FC5FB7D52733927B008AC3D2 /* PairDocument.swift in Sources */ = {isa = PBXBuildFile; fileRef = FC5FB7942732627C008AC3D2 /* PairDocument.swift */; };
		FC5FB7D62733927B008AC3D2 /* FirebaseDocument.swift in Sources */ = {isa = PBXBuildFile; fileRef = FC5FB79727327861008AC3D2 /* FirebaseDocument.swift */; };
		FC5FB7D72733927B008AC3D2 /* FirebaseNetworkProtocol.swift in Sources */ = {isa = PBXBuildFile; fileRef = FC9F1077273139040060FEB7 /* FirebaseNetworkProtocol.swift */; };
		FC5FB7D82733927B008AC3D2 /* UserDefaultsPersistenceServiceProtocol.swift in Sources */ = {isa = PBXBuildFile; fileRef = FC5FB79B27328579008AC3D2 /* UserDefaultsPersistenceServiceProtocol.swift */; };
		FC5FB7D92733927B008AC3D2 /* UserDefaultsPersistenceService.swift in Sources */ = {isa = PBXBuildFile; fileRef = FC5FB799273284E2008AC3D2 /* UserDefaultsPersistenceService.swift */; };
		FC5FB7DA2733927B008AC3D2 /* FirebaseNetworkService.swift in Sources */ = {isa = PBXBuildFile; fileRef = FC9F106F2731323C0060FEB7 /* FirebaseNetworkService.swift */; };
		FC5FB7DC2733A4AA008AC3D2 /* UserDefaults+Extensions.swift in Sources */ = {isa = PBXBuildFile; fileRef = FC5FB7DB2733A4A9008AC3D2 /* UserDefaults+Extensions.swift */; };
		FC5FB7DD2733A4AA008AC3D2 /* UserDefaults+Extensions.swift in Sources */ = {isa = PBXBuildFile; fileRef = FC5FB7DB2733A4A9008AC3D2 /* UserDefaults+Extensions.swift */; };
		FC5FB7DE2733A4AA008AC3D2 /* UserDefaults+Extensions.swift in Sources */ = {isa = PBXBuildFile; fileRef = FC5FB7DB2733A4A9008AC3D2 /* UserDefaults+Extensions.swift */; };
		FC5FB7E02733A6D5008AC3D2 /* FirebaseCollection.swift in Sources */ = {isa = PBXBuildFile; fileRef = FC5FB7DF2733A6D5008AC3D2 /* FirebaseCollection.swift */; };
		FC5FB7E12733A6D5008AC3D2 /* FirebaseCollection.swift in Sources */ = {isa = PBXBuildFile; fileRef = FC5FB7DF2733A6D5008AC3D2 /* FirebaseCollection.swift */; };
		FC5FB7E22733A6D5008AC3D2 /* FirebaseCollection.swift in Sources */ = {isa = PBXBuildFile; fileRef = FC5FB7DF2733A6D5008AC3D2 /* FirebaseCollection.swift */; };
		FC822FAA2736088100C918A0 /* URLSessionNetworkService.swift in Sources */ = {isa = PBXBuildFile; fileRef = FC822FA92736088100C918A0 /* URLSessionNetworkService.swift */; };
		FC822FAC27360F8600C918A0 /* URLRequsetBuilder.swift in Sources */ = {isa = PBXBuildFile; fileRef = FC822FAB27360F8600C918A0 /* URLRequsetBuilder.swift */; };
		FC822FB027367AFD00C918A0 /* API.swift in Sources */ = {isa = PBXBuildFile; fileRef = FC822FAF27367AFD00C918A0 /* API.swift */; };
		FC822FB22736BF8400C918A0 /* URLSessionNetworkServiceProtocol.swift in Sources */ = {isa = PBXBuildFile; fileRef = FC822FB12736BF8400C918A0 /* URLSessionNetworkServiceProtocol.swift */; };
		FC9F10582730F0060060FEB7 /* GetMyIdUseCase.swift in Sources */ = {isa = PBXBuildFile; fileRef = FC9F10572730F0060060FEB7 /* GetMyIdUseCase.swift */; };
		FC9F105B2730F1B20060FEB7 /* UserRepositoryProtocol.swift in Sources */ = {isa = PBXBuildFile; fileRef = FC9F105A2730F1B20060FEB7 /* UserRepositoryProtocol.swift */; };
		FC9F1065273102E30060FEB7 /* GetMyIdUseCaseTests.swift in Sources */ = {isa = PBXBuildFile; fileRef = FC9F1064273102E30060FEB7 /* GetMyIdUseCaseTests.swift */; };
		FC9F106B2731035E0060FEB7 /* GetMyIdUseCase.swift in Sources */ = {isa = PBXBuildFile; fileRef = FC9F10572730F0060060FEB7 /* GetMyIdUseCase.swift */; };
		FC9F106C2731035E0060FEB7 /* UserRepositoryProtocol.swift in Sources */ = {isa = PBXBuildFile; fileRef = FC9F105A2730F1B20060FEB7 /* UserRepositoryProtocol.swift */; };
		FC9F10702731323C0060FEB7 /* FirebaseNetworkService.swift in Sources */ = {isa = PBXBuildFile; fileRef = FC9F106F2731323C0060FEB7 /* FirebaseNetworkService.swift */; };
		FC9F1078273139040060FEB7 /* FirebaseNetworkProtocol.swift in Sources */ = {isa = PBXBuildFile; fileRef = FC9F1077273139040060FEB7 /* FirebaseNetworkProtocol.swift */; };
		FC9F108227315EB80060FEB7 /* FirebaseNetworkTest.swift in Sources */ = {isa = PBXBuildFile; fileRef = FC9F108127315EB80060FEB7 /* FirebaseNetworkTest.swift */; };
		FC9F108927315EEB0060FEB7 /* FirebaseNetworkProtocol.swift in Sources */ = {isa = PBXBuildFile; fileRef = FC9F1077273139040060FEB7 /* FirebaseNetworkProtocol.swift */; };
		FC9F108A27315EEB0060FEB7 /* FirebaseNetworkService.swift in Sources */ = {isa = PBXBuildFile; fileRef = FC9F106F2731323C0060FEB7 /* FirebaseNetworkService.swift */; };
/* End PBXBuildFile section */

/* Begin PBXContainerItemProxy section */
		6648946027327F1D009F03E2 /* PBXContainerItemProxy */ = {
			isa = PBXContainerItemProxy;
			containerPortal = 664893B5273007ED009F03E2 /* Project object */;
			proxyType = 1;
			remoteGlobalIDString = 664893BC273007ED009F03E2;
			remoteInfo = Doolda;
		};
		669ADE362732E4A8007B529B /* PBXContainerItemProxy */ = {
			isa = PBXContainerItemProxy;
			containerPortal = 664893B5273007ED009F03E2 /* Project object */;
			proxyType = 1;
			remoteGlobalIDString = 664893BC273007ED009F03E2;
			remoteInfo = Doolda;
		};
		FC5FB7A527328A19008AC3D2 /* PBXContainerItemProxy */ = {
			isa = PBXContainerItemProxy;
			containerPortal = 664893B5273007ED009F03E2 /* Project object */;
			proxyType = 1;
			remoteGlobalIDString = 664893BC273007ED009F03E2;
			remoteInfo = Doolda;
		};
		FC5FB7CD27339213008AC3D2 /* PBXContainerItemProxy */ = {
			isa = PBXContainerItemProxy;
			containerPortal = 664893B5273007ED009F03E2 /* Project object */;
			proxyType = 1;
			remoteGlobalIDString = 664893BC273007ED009F03E2;
			remoteInfo = Doolda;
		};
		FC9F1066273102E30060FEB7 /* PBXContainerItemProxy */ = {
			isa = PBXContainerItemProxy;
			containerPortal = 664893B5273007ED009F03E2 /* Project object */;
			proxyType = 1;
			remoteGlobalIDString = 664893BC273007ED009F03E2;
			remoteInfo = Doolda;
		};
		FC9F108327315EB80060FEB7 /* PBXContainerItemProxy */ = {
			isa = PBXContainerItemProxy;
			containerPortal = 664893B5273007ED009F03E2 /* Project object */;
			proxyType = 1;
			remoteGlobalIDString = 664893BC273007ED009F03E2;
			remoteInfo = Doolda;
		};
/* End PBXContainerItemProxy section */

/* Begin PBXFileReference section */
		1D0C8BC32732AF780091ACC0 /* GetUserUseCase.swift */ = {isa = PBXFileReference; lastKnownFileType = sourcecode.swift; path = GetUserUseCase.swift; sourceTree = "<group>"; };
		1D0C8BC92732B5F90091ACC0 /* GetPairIdUseCaseTest.xctest */ = {isa = PBXFileReference; explicitFileType = wrapper.cfbundle; includeInIndex = 0; path = GetPairIdUseCaseTest.xctest; sourceTree = BUILT_PRODUCTS_DIR; };
		1D0C8BCB2732B5F90091ACC0 /* GetPairIdUseCaseTest.swift */ = {isa = PBXFileReference; lastKnownFileType = sourcecode.swift; path = GetPairIdUseCaseTest.swift; sourceTree = "<group>"; };
		1D3629FD2733C79300CFC069 /* RegisterUserUseCase.swift */ = {isa = PBXFileReference; fileEncoding = 4; lastKnownFileType = sourcecode.swift; path = RegisterUserUseCase.swift; sourceTree = "<group>"; };
		1D58277C2732883E00FD0EA5 /* PairingViewCoordinatorDelegate.swift */ = {isa = PBXFileReference; lastKnownFileType = sourcecode.swift; path = PairingViewCoordinatorDelegate.swift; sourceTree = "<group>"; };
		1D6232E62730F0DF00A9AD6B /* PairingViewController.swift */ = {isa = PBXFileReference; lastKnownFileType = sourcecode.swift; path = PairingViewController.swift; sourceTree = "<group>"; };
		1D6232E82730FA3900A9AD6B /* UIColor+Extensions.swift */ = {isa = PBXFileReference; lastKnownFileType = sourcecode.swift; path = "UIColor+Extensions.swift"; sourceTree = "<group>"; };
		1D6232EC27310EE300A9AD6B /* UIImage+Extensions.swift */ = {isa = PBXFileReference; lastKnownFileType = sourcecode.swift; path = "UIImage+Extensions.swift"; sourceTree = "<group>"; };
		1D6232EE2731117100A9AD6B /* UIControl+Extensions.swift */ = {isa = PBXFileReference; lastKnownFileType = sourcecode.swift; path = "UIControl+Extensions.swift"; sourceTree = "<group>"; };
		1D6232F227313D7300A9AD6B /* UIGestureRecognizer+Extensions.swift */ = {isa = PBXFileReference; lastKnownFileType = sourcecode.swift; path = "UIGestureRecognizer+Extensions.swift"; sourceTree = "<group>"; };
		1D6232F427313D8E00A9AD6B /* UIView+Extensions.swift */ = {isa = PBXFileReference; lastKnownFileType = sourcecode.swift; path = "UIView+Extensions.swift"; sourceTree = "<group>"; };
		1D6232F6273140CF00A9AD6B /* CopyableLabel.swift */ = {isa = PBXFileReference; lastKnownFileType = sourcecode.swift; path = CopyableLabel.swift; sourceTree = "<group>"; };
		1D6232F8273173E300A9AD6B /* UIResponder+Extensions.swift */ = {isa = PBXFileReference; lastKnownFileType = sourcecode.swift; path = "UIResponder+Extensions.swift"; sourceTree = "<group>"; };
		1DD6AD3F27321E5800592AC8 /* dovemayo.otf */ = {isa = PBXFileReference; lastKnownFileType = file; path = dovemayo.otf; sourceTree = "<group>"; };
		1DDAF0512730D267006CD027 /* GoogleService-Info.plist */ = {isa = PBXFileReference; fileEncoding = 4; lastKnownFileType = text.plist.xml; path = "GoogleService-Info.plist"; sourceTree = "<group>"; };
		1DE5E5352738BBAA004F794F /* CoordinatorProtocol.swift */ = {isa = PBXFileReference; lastKnownFileType = sourcecode.swift; path = CoordinatorProtocol.swift; sourceTree = "<group>"; };
		3101258E2737987B00E43160 /* GoogleService-Info.plist */ = {isa = PBXFileReference; fileEncoding = 4; lastKnownFileType = text.plist.xml; path = "GoogleService-Info.plist"; sourceTree = "<group>"; };
		310125912738325800E43160 /* UIAlertController+Extensions.swift */ = {isa = PBXFileReference; lastKnownFileType = sourcecode.swift; path = "UIAlertController+Extensions.swift"; sourceTree = "<group>"; };
		310D80CE273106CA00F15F4F /* UIColor+Extensions.swift */ = {isa = PBXFileReference; lastKnownFileType = sourcecode.swift; path = "UIColor+Extensions.swift"; sourceTree = "<group>"; };
		310D80D22731402F00F15F4F /* ParingViewCoordinator.swift */ = {isa = PBXFileReference; lastKnownFileType = sourcecode.swift; path = ParingViewCoordinator.swift; sourceTree = "<group>"; };
		310D80D42731405B00F15F4F /* DiaryViewCoordinator.swift */ = {isa = PBXFileReference; lastKnownFileType = sourcecode.swift; path = DiaryViewCoordinator.swift; sourceTree = "<group>"; };
		310D80DD2732533300F15F4F /* GetPairIdUseCase.swift */ = {isa = PBXFileReference; lastKnownFileType = sourcecode.swift; path = GetPairIdUseCase.swift; sourceTree = "<group>"; };
		310D80DF273253C900F15F4F /* GenerateMyIdUseCase.swift */ = {isa = PBXFileReference; lastKnownFileType = sourcecode.swift; path = GenerateMyIdUseCase.swift; sourceTree = "<group>"; };
		310D81232733C7FC00F15F4F /* SplashViewModelTest.xctest */ = {isa = PBXFileReference; explicitFileType = wrapper.cfbundle; includeInIndex = 0; path = SplashViewModelTest.xctest; sourceTree = BUILT_PRODUCTS_DIR; };
		310D81252733C7FC00F15F4F /* SplashViewModelTest.swift */ = {isa = PBXFileReference; lastKnownFileType = sourcecode.swift; path = SplashViewModelTest.swift; sourceTree = "<group>"; };
		310D81472733F56700F15F4F /* DiaryViewController.swift */ = {isa = PBXFileReference; lastKnownFileType = sourcecode.swift; path = DiaryViewController.swift; sourceTree = "<group>"; };
		664893BD273007ED009F03E2 /* Doolda.app */ = {isa = PBXFileReference; explicitFileType = wrapper.application; includeInIndex = 0; path = Doolda.app; sourceTree = BUILT_PRODUCTS_DIR; };
		664893C0273007ED009F03E2 /* AppDelegate.swift */ = {isa = PBXFileReference; lastKnownFileType = sourcecode.swift; path = AppDelegate.swift; sourceTree = "<group>"; };
		664893C2273007ED009F03E2 /* SceneDelegate.swift */ = {isa = PBXFileReference; lastKnownFileType = sourcecode.swift; path = SceneDelegate.swift; sourceTree = "<group>"; };
		664893C9273007F1009F03E2 /* Assets.xcassets */ = {isa = PBXFileReference; lastKnownFileType = folder.assetcatalog; path = Assets.xcassets; sourceTree = "<group>"; };
		664893CC273007F1009F03E2 /* Base */ = {isa = PBXFileReference; lastKnownFileType = file.storyboard; name = Base; path = Base.lproj/LaunchScreen.storyboard; sourceTree = "<group>"; };
		664893CE273007F1009F03E2 /* Info.plist */ = {isa = PBXFileReference; lastKnownFileType = text.plist.xml; path = Info.plist; sourceTree = "<group>"; };
		664893F3273023D3009F03E2 /* SplashViewController.swift */ = {isa = PBXFileReference; lastKnownFileType = sourcecode.swift; path = SplashViewController.swift; sourceTree = "<group>"; };
		664893F72730272B009F03E2 /* AppCoordinator.swift */ = {isa = PBXFileReference; lastKnownFileType = sourcecode.swift; path = AppCoordinator.swift; sourceTree = "<group>"; };
		664893F927302905009F03E2 /* SplashViewCoordinator.swift */ = {isa = PBXFileReference; lastKnownFileType = sourcecode.swift; path = SplashViewCoordinator.swift; sourceTree = "<group>"; };
		664893FB27302947009F03E2 /* SplashViewModel.swift */ = {isa = PBXFileReference; lastKnownFileType = sourcecode.swift; path = SplashViewModel.swift; sourceTree = "<group>"; };
		664893FD273029AC009F03E2 /* SplashViewCoordinatorDelegate.swift */ = {isa = PBXFileReference; lastKnownFileType = sourcecode.swift; path = SplashViewCoordinatorDelegate.swift; sourceTree = "<group>"; };
		664894172730F1B0009F03E2 /* PairingViewModel.swift */ = {isa = PBXFileReference; lastKnownFileType = sourcecode.swift; path = PairingViewModel.swift; sourceTree = "<group>"; };
		6648941D27310165009F03E2 /* PairingViewModelTests.xctest */ = {isa = PBXFileReference; explicitFileType = wrapper.cfbundle; includeInIndex = 0; path = PairingViewModelTests.xctest; sourceTree = BUILT_PRODUCTS_DIR; };
		6648945C27327F1D009F03E2 /* GeneratePairIdUseCaseTests.xctest */ = {isa = PBXFileReference; explicitFileType = wrapper.cfbundle; includeInIndex = 0; path = GeneratePairIdUseCaseTests.xctest; sourceTree = BUILT_PRODUCTS_DIR; };
		6648945E27327F1D009F03E2 /* GeneratePairIdUseCaseTests.swift */ = {isa = PBXFileReference; lastKnownFileType = sourcecode.swift; path = GeneratePairIdUseCaseTests.swift; sourceTree = "<group>"; };
		669ADE322732E4A8007B529B /* RefreshPairIdUseCaseTest.xctest */ = {isa = PBXFileReference; explicitFileType = wrapper.cfbundle; includeInIndex = 0; path = RefreshPairIdUseCaseTest.xctest; sourceTree = BUILT_PRODUCTS_DIR; };
		669ADE342732E4A8007B529B /* RefreshPairIdUseCaseTest.swift */ = {isa = PBXFileReference; lastKnownFileType = sourcecode.swift; path = RefreshPairIdUseCaseTest.swift; sourceTree = "<group>"; };
		66F5D4792733E88F000FB471 /* PageEntity.swift */ = {isa = PBXFileReference; lastKnownFileType = sourcecode.swift; path = PageEntity.swift; sourceTree = "<group>"; };
		66F5D47B2733EA32000FB471 /* ComponentEntity.swift */ = {isa = PBXFileReference; lastKnownFileType = sourcecode.swift; path = ComponentEntity.swift; sourceTree = "<group>"; };
		66F5D47D2733EE8F000FB471 /* RawPageEntity.swift */ = {isa = PBXFileReference; lastKnownFileType = sourcecode.swift; path = RawPageEntity.swift; sourceTree = "<group>"; };
		66FE936A273564DB0036CED2 /* DDID.swift */ = {isa = PBXFileReference; lastKnownFileType = sourcecode.swift; path = DDID.swift; sourceTree = "<group>"; };
		66FE936C2735655C0036CED2 /* DDIDDataTransferObject.swift */ = {isa = PBXFileReference; lastKnownFileType = sourcecode.swift; path = DDIDDataTransferObject.swift; sourceTree = "<group>"; };
		66FE936E27356E160036CED2 /* User.swift */ = {isa = PBXFileReference; lastKnownFileType = sourcecode.swift; path = User.swift; sourceTree = "<group>"; };
		66FE9370273671910036CED2 /* PairUserUseCase.swift */ = {isa = PBXFileReference; lastKnownFileType = sourcecode.swift; path = PairUserUseCase.swift; sourceTree = "<group>"; };
		66FE9372273688E10036CED2 /* RefreshUserUseCase.swift */ = {isa = PBXFileReference; lastKnownFileType = sourcecode.swift; path = RefreshUserUseCase.swift; sourceTree = "<group>"; };
		FC5FB78F27325C4D008AC3D2 /* UserDocument.swift */ = {isa = PBXFileReference; lastKnownFileType = sourcecode.swift; path = UserDocument.swift; sourceTree = "<group>"; };
		FC5FB792273260C3008AC3D2 /* UserRepository.swift */ = {isa = PBXFileReference; lastKnownFileType = sourcecode.swift; path = UserRepository.swift; sourceTree = "<group>"; };
		FC5FB7942732627C008AC3D2 /* PairDocument.swift */ = {isa = PBXFileReference; lastKnownFileType = sourcecode.swift; path = PairDocument.swift; sourceTree = "<group>"; };
		FC5FB79727327861008AC3D2 /* FirebaseDocument.swift */ = {isa = PBXFileReference; lastKnownFileType = sourcecode.swift; path = FirebaseDocument.swift; sourceTree = "<group>"; };
		FC5FB799273284E2008AC3D2 /* UserDefaultsPersistenceService.swift */ = {isa = PBXFileReference; lastKnownFileType = sourcecode.swift; path = UserDefaultsPersistenceService.swift; sourceTree = "<group>"; };
		FC5FB79B27328579008AC3D2 /* UserDefaultsPersistenceServiceProtocol.swift */ = {isa = PBXFileReference; lastKnownFileType = sourcecode.swift; path = UserDefaultsPersistenceServiceProtocol.swift; sourceTree = "<group>"; };
		FC5FB7A127328A19008AC3D2 /* UserDefaultsPersistenceServiceTest.xctest */ = {isa = PBXFileReference; explicitFileType = wrapper.cfbundle; includeInIndex = 0; path = UserDefaultsPersistenceServiceTest.xctest; sourceTree = BUILT_PRODUCTS_DIR; };
		FC5FB7A327328A19008AC3D2 /* UserDefaultsPersistenceServiceTest.swift */ = {isa = PBXFileReference; lastKnownFileType = sourcecode.swift; path = UserDefaultsPersistenceServiceTest.swift; sourceTree = "<group>"; };
		FC5FB7C927339213008AC3D2 /* UserRepositoryTests.xctest */ = {isa = PBXFileReference; explicitFileType = wrapper.cfbundle; includeInIndex = 0; path = UserRepositoryTests.xctest; sourceTree = BUILT_PRODUCTS_DIR; };
		FC5FB7CB27339213008AC3D2 /* UserRepositoryTests.swift */ = {isa = PBXFileReference; lastKnownFileType = sourcecode.swift; path = UserRepositoryTests.swift; sourceTree = "<group>"; };
		FC5FB7DB2733A4A9008AC3D2 /* UserDefaults+Extensions.swift */ = {isa = PBXFileReference; lastKnownFileType = sourcecode.swift; path = "UserDefaults+Extensions.swift"; sourceTree = "<group>"; };
		FC5FB7DF2733A6D5008AC3D2 /* FirebaseCollection.swift */ = {isa = PBXFileReference; lastKnownFileType = sourcecode.swift; path = FirebaseCollection.swift; sourceTree = "<group>"; };
		FC822FA92736088100C918A0 /* URLSessionNetworkService.swift */ = {isa = PBXFileReference; lastKnownFileType = sourcecode.swift; path = URLSessionNetworkService.swift; sourceTree = "<group>"; };
		FC822FAB27360F8600C918A0 /* URLRequsetBuilder.swift */ = {isa = PBXFileReference; lastKnownFileType = sourcecode.swift; path = URLRequsetBuilder.swift; sourceTree = "<group>"; };
		FC822FAF27367AFD00C918A0 /* API.swift */ = {isa = PBXFileReference; lastKnownFileType = sourcecode.swift; path = API.swift; sourceTree = "<group>"; };
		FC822FB12736BF8400C918A0 /* URLSessionNetworkServiceProtocol.swift */ = {isa = PBXFileReference; lastKnownFileType = sourcecode.swift; path = URLSessionNetworkServiceProtocol.swift; sourceTree = "<group>"; };
		FC9F10572730F0060060FEB7 /* GetMyIdUseCase.swift */ = {isa = PBXFileReference; lastKnownFileType = sourcecode.swift; path = GetMyIdUseCase.swift; sourceTree = "<group>"; };
		FC9F105A2730F1B20060FEB7 /* UserRepositoryProtocol.swift */ = {isa = PBXFileReference; lastKnownFileType = sourcecode.swift; path = UserRepositoryProtocol.swift; sourceTree = "<group>"; };
		FC9F1062273102E30060FEB7 /* GetMyIdUseCaseTest.xctest */ = {isa = PBXFileReference; explicitFileType = wrapper.cfbundle; includeInIndex = 0; path = GetMyIdUseCaseTest.xctest; sourceTree = BUILT_PRODUCTS_DIR; };
		FC9F1064273102E30060FEB7 /* GetMyIdUseCaseTests.swift */ = {isa = PBXFileReference; lastKnownFileType = sourcecode.swift; path = GetMyIdUseCaseTests.swift; sourceTree = "<group>"; };
		FC9F106F2731323C0060FEB7 /* FirebaseNetworkService.swift */ = {isa = PBXFileReference; lastKnownFileType = sourcecode.swift; path = FirebaseNetworkService.swift; sourceTree = "<group>"; };
		FC9F1077273139040060FEB7 /* FirebaseNetworkProtocol.swift */ = {isa = PBXFileReference; lastKnownFileType = sourcecode.swift; path = FirebaseNetworkProtocol.swift; sourceTree = "<group>"; };
		FC9F107F27315EB80060FEB7 /* FirebaseNetworkTest.xctest */ = {isa = PBXFileReference; explicitFileType = wrapper.cfbundle; includeInIndex = 0; path = FirebaseNetworkTest.xctest; sourceTree = BUILT_PRODUCTS_DIR; };
		FC9F108127315EB80060FEB7 /* FirebaseNetworkTest.swift */ = {isa = PBXFileReference; lastKnownFileType = sourcecode.swift; path = FirebaseNetworkTest.swift; sourceTree = "<group>"; };
/* End PBXFileReference section */

/* Begin PBXFrameworksBuildPhase section */
		1D0C8BC62732B5F90091ACC0 /* Frameworks */ = {
			isa = PBXFrameworksBuildPhase;
			buildActionMask = 2147483647;
			files = (
			);
			runOnlyForDeploymentPostprocessing = 0;
		};
		310D81202733C7FC00F15F4F /* Frameworks */ = {
			isa = PBXFrameworksBuildPhase;
			buildActionMask = 2147483647;
			files = (
			);
			runOnlyForDeploymentPostprocessing = 0;
		};
		664893BA273007ED009F03E2 /* Frameworks */ = {
			isa = PBXFrameworksBuildPhase;
			buildActionMask = 2147483647;
			files = (
				1DDAF04A2730CE14006CD027 /* FirebaseDatabase in Frameworks */,
				664893F027300DB9009F03E2 /* Kingfisher in Frameworks */,
				1DDAF04E2730CE14006CD027 /* FirebaseMessaging in Frameworks */,
				664893ED27300D7D009F03E2 /* SnapKit in Frameworks */,
				1DDAF0462730CE14006CD027 /* FirebaseAnalytics in Frameworks */,
				1DDAF0502730CE14006CD027 /* FirebaseStorage in Frameworks */,
				1DDAF0482730CE14006CD027 /* FirebaseAuth in Frameworks */,
				1DDAF04C2730CE14006CD027 /* FirebaseFirestore in Frameworks */,
			);
			runOnlyForDeploymentPostprocessing = 0;
		};
		669ADE2F2732E4A8007B529B /* Frameworks */ = {
			isa = PBXFrameworksBuildPhase;
			buildActionMask = 2147483647;
			files = (
			);
			runOnlyForDeploymentPostprocessing = 0;
		};
		FC5FB79E27328A19008AC3D2 /* Frameworks */ = {
			isa = PBXFrameworksBuildPhase;
			buildActionMask = 2147483647;
			files = (
			);
			runOnlyForDeploymentPostprocessing = 0;
		};
		FC5FB7C627339213008AC3D2 /* Frameworks */ = {
			isa = PBXFrameworksBuildPhase;
			buildActionMask = 2147483647;
			files = (
			);
			runOnlyForDeploymentPostprocessing = 0;
		};
		FC9F105F273102E30060FEB7 /* Frameworks */ = {
			isa = PBXFrameworksBuildPhase;
			buildActionMask = 2147483647;
			files = (
			);
			runOnlyForDeploymentPostprocessing = 0;
		};
		FC9F107C27315EB80060FEB7 /* Frameworks */ = {
			isa = PBXFrameworksBuildPhase;
			buildActionMask = 2147483647;
			files = (
			);
			runOnlyForDeploymentPostprocessing = 0;
		};
/* End PBXFrameworksBuildPhase section */

/* Begin PBXGroup section */
		1D0C8BCA2732B5F90091ACC0 /* GetPairIdUseCaseTest */ = {
			isa = PBXGroup;
			children = (
				1D0C8BCB2732B5F90091ACC0 /* GetPairIdUseCaseTest.swift */,
			);
			path = GetPairIdUseCaseTest;
			sourceTree = "<group>";
		};
		1DD6AD3E27321E3700592AC8 /* Fonts */ = {
			isa = PBXGroup;
			children = (
				1DD6AD3F27321E5800592AC8 /* dovemayo.otf */,
			);
			path = Fonts;
			sourceTree = "<group>";
		};
		310D80E32732841500F15F4F /* Recovered References */ = {
			isa = PBXGroup;
			children = (
				310D80CE273106CA00F15F4F /* UIColor+Extensions.swift */,
				310D80DD2732533300F15F4F /* GetPairIdUseCase.swift */,
				310D80DF273253C900F15F4F /* GenerateMyIdUseCase.swift */,
				1DDAF0512730D267006CD027 /* GoogleService-Info.plist */,
			);
			name = "Recovered References";
			sourceTree = "<group>";
		};
		310D81242733C7FC00F15F4F /* SplashViewModelTest */ = {
			isa = PBXGroup;
			children = (
				310D81252733C7FC00F15F4F /* SplashViewModelTest.swift */,
			);
			path = SplashViewModelTest;
			sourceTree = "<group>";
		};
		664893B4273007ED009F03E2 = {
			isa = PBXGroup;
			children = (
				3101258E2737987B00E43160 /* GoogleService-Info.plist */,
				664893BF273007ED009F03E2 /* Doolda */,
				FC9F1063273102E30060FEB7 /* GetMyIdUseCaseTest */,
				6648945D27327F1D009F03E2 /* GeneratePairIdUseCaseTests */,
				FC9F108027315EB80060FEB7 /* FirebaseNetworkTest */,
				FC5FB7A227328A19008AC3D2 /* UserDefaultsPersistenceServiceTest */,
				669ADE332732E4A8007B529B /* RefreshPairIdUseCaseTest */,
				FC5FB7CA27339213008AC3D2 /* UserRepositoryTests */,
				1D0C8BCA2732B5F90091ACC0 /* GetPairIdUseCaseTest */,
				310D81242733C7FC00F15F4F /* SplashViewModelTest */,
				664893BE273007ED009F03E2 /* Products */,
				310D80E32732841500F15F4F /* Recovered References */,
			);
			sourceTree = "<group>";
		};
		664893BE273007ED009F03E2 /* Products */ = {
			isa = PBXGroup;
			children = (
				664893BD273007ED009F03E2 /* Doolda.app */,
				6648941D27310165009F03E2 /* PairingViewModelTests.xctest */,
				FC9F1062273102E30060FEB7 /* GetMyIdUseCaseTest.xctest */,
				6648945C27327F1D009F03E2 /* GeneratePairIdUseCaseTests.xctest */,
				FC9F107F27315EB80060FEB7 /* FirebaseNetworkTest.xctest */,
				FC5FB7A127328A19008AC3D2 /* UserDefaultsPersistenceServiceTest.xctest */,
				669ADE322732E4A8007B529B /* RefreshPairIdUseCaseTest.xctest */,
				1D0C8BC92732B5F90091ACC0 /* GetPairIdUseCaseTest.xctest */,
				FC5FB7C927339213008AC3D2 /* UserRepositoryTests.xctest */,
				310D81232733C7FC00F15F4F /* SplashViewModelTest.xctest */,
			);
			name = Products;
			sourceTree = "<group>";
		};
		664893BF273007ED009F03E2 /* Doolda */ = {
			isa = PBXGroup;
			children = (
				664893D4273008C2009F03E2 /* Application */,
				664893D52730090B009F03E2 /* Resources */,
				664893E927300B59009F03E2 /* Support */,
				664893D62730092E009F03E2 /* UI */,
				664893DA273009A9009F03E2 /* Presentation */,
				664893E227300A9E009F03E2 /* Domain */,
				664893DD27300A07009F03E2 /* Data */,
				664893E127300A62009F03E2 /* Service */,
			);
			path = Doolda;
			sourceTree = "<group>";
		};
		664893D4273008C2009F03E2 /* Application */ = {
			isa = PBXGroup;
			children = (
				664893C0273007ED009F03E2 /* AppDelegate.swift */,
				664893C2273007ED009F03E2 /* SceneDelegate.swift */,
			);
			path = Application;
			sourceTree = "<group>";
		};
		664893D52730090B009F03E2 /* Resources */ = {
			isa = PBXGroup;
			children = (
				1DD6AD3E27321E3700592AC8 /* Fonts */,
				664893C9273007F1009F03E2 /* Assets.xcassets */,
				664893CB273007F1009F03E2 /* LaunchScreen.storyboard */,
				664893CE273007F1009F03E2 /* Info.plist */,
			);
			path = Resources;
			sourceTree = "<group>";
		};
		664893D62730092E009F03E2 /* UI */ = {
			isa = PBXGroup;
			children = (
				664893D727300936009F03E2 /* ViewControllers */,
				664893D827300972009F03E2 /* Views */,
				664893D927300980009F03E2 /* Coordinators */,
			);
			path = UI;
			sourceTree = "<group>";
		};
		664893D727300936009F03E2 /* ViewControllers */ = {
			isa = PBXGroup;
			children = (
				664893F3273023D3009F03E2 /* SplashViewController.swift */,
				1D6232E62730F0DF00A9AD6B /* PairingViewController.swift */,
				310D81472733F56700F15F4F /* DiaryViewController.swift */,
			);
			path = ViewControllers;
			sourceTree = "<group>";
		};
		664893D827300972009F03E2 /* Views */ = {
			isa = PBXGroup;
			children = (
				1D6232F6273140CF00A9AD6B /* CopyableLabel.swift */,
			);
			path = Views;
			sourceTree = "<group>";
		};
		664893D927300980009F03E2 /* Coordinators */ = {
			isa = PBXGroup;
			children = (
				664893F72730272B009F03E2 /* AppCoordinator.swift */,
				664893F927302905009F03E2 /* SplashViewCoordinator.swift */,
				310D80D22731402F00F15F4F /* ParingViewCoordinator.swift */,
				310D80D42731405B00F15F4F /* DiaryViewCoordinator.swift */,
			);
			path = Coordinators;
			sourceTree = "<group>";
		};
		664893DA273009A9009F03E2 /* Presentation */ = {
			isa = PBXGroup;
			children = (
				664893DC273009EC009F03E2 /* ViewModels */,
				664893DB273009CD009F03E2 /* Interfaces */,
			);
			path = Presentation;
			sourceTree = "<group>";
		};
		664893DB273009CD009F03E2 /* Interfaces */ = {
			isa = PBXGroup;
			children = (
				1DE5E5352738BBAA004F794F /* CoordinatorProtocol.swift */,
				1D58277C2732883E00FD0EA5 /* PairingViewCoordinatorDelegate.swift */,
			);
			path = Interfaces;
			sourceTree = "<group>";
		};
		664893DC273009EC009F03E2 /* ViewModels */ = {
			isa = PBXGroup;
			children = (
				664893FB27302947009F03E2 /* SplashViewModel.swift */,
				664894172730F1B0009F03E2 /* PairingViewModel.swift */,
			);
			path = ViewModels;
			sourceTree = "<group>";
		};
		664893DD27300A07009F03E2 /* Data */ = {
			isa = PBXGroup;
			children = (
				664893DE27300A10009F03E2 /* Repositories */,
				664893DF27300A2D009F03E2 /* DataTransferObjects */,
				664893E027300A44009F03E2 /* Interfaces */,
			);
			path = Data;
			sourceTree = "<group>";
		};
		664893DE27300A10009F03E2 /* Repositories */ = {
			isa = PBXGroup;
			children = (
				FC5FB792273260C3008AC3D2 /* UserRepository.swift */,
			);
			path = Repositories;
			sourceTree = "<group>";
		};
		664893DF27300A2D009F03E2 /* DataTransferObjects */ = {
			isa = PBXGroup;
			children = (
				FC5FB78F27325C4D008AC3D2 /* UserDocument.swift */,
				FC5FB7942732627C008AC3D2 /* PairDocument.swift */,
				FC5FB79727327861008AC3D2 /* FirebaseDocument.swift */,
				66FE936C2735655C0036CED2 /* DDIDDataTransferObject.swift */,
			);
			path = DataTransferObjects;
			sourceTree = "<group>";
		};
		664893E027300A44009F03E2 /* Interfaces */ = {
			isa = PBXGroup;
			children = (
				FC9F1077273139040060FEB7 /* FirebaseNetworkProtocol.swift */,
				FC5FB79B27328579008AC3D2 /* UserDefaultsPersistenceServiceProtocol.swift */,
				FC822FB12736BF8400C918A0 /* URLSessionNetworkServiceProtocol.swift */,
			);
			path = Interfaces;
			sourceTree = "<group>";
		};
		664893E127300A62009F03E2 /* Service */ = {
			isa = PBXGroup;
			children = (
				664893E727300AEC009F03E2 /* Persistences */,
				664893E627300AE3009F03E2 /* Networks */,
			);
			path = Service;
			sourceTree = "<group>";
		};
		664893E227300A9E009F03E2 /* Domain */ = {
			isa = PBXGroup;
			children = (
				664893E327300AA7009F03E2 /* UseCases */,
				664893E427300AAF009F03E2 /* Entities */,
				664893E527300AB9009F03E2 /* Interfaces */,
			);
			path = Domain;
			sourceTree = "<group>";
		};
		664893E327300AA7009F03E2 /* UseCases */ = {
			isa = PBXGroup;
			children = (
				FC9F10572730F0060060FEB7 /* GetMyIdUseCase.swift */,
				66FE9370273671910036CED2 /* PairUserUseCase.swift */,
				1D0C8BC32732AF780091ACC0 /* GetUserUseCase.swift */,
				66FE9372273688E10036CED2 /* RefreshUserUseCase.swift */,
				1D3629FD2733C79300CFC069 /* RegisterUserUseCase.swift */,
			);
			path = UseCases;
			sourceTree = "<group>";
		};
		664893E427300AAF009F03E2 /* Entities */ = {
			isa = PBXGroup;
			children = (
				66FE936A273564DB0036CED2 /* DDID.swift */,
				66FE936E27356E160036CED2 /* User.swift */,
				66F5D4792733E88F000FB471 /* PageEntity.swift */,
				66F5D47B2733EA32000FB471 /* ComponentEntity.swift */,
				66F5D47D2733EE8F000FB471 /* RawPageEntity.swift */,
			);
			path = Entities;
			sourceTree = "<group>";
		};
		664893E527300AB9009F03E2 /* Interfaces */ = {
			isa = PBXGroup;
			children = (
				FC9F105A2730F1B20060FEB7 /* UserRepositoryProtocol.swift */,
			);
			path = Interfaces;
			sourceTree = "<group>";
		};
		664893E627300AE3009F03E2 /* Networks */ = {
			isa = PBXGroup;
			children = (
				FC9F106F2731323C0060FEB7 /* FirebaseNetworkService.swift */,
				FC822FA92736088100C918A0 /* URLSessionNetworkService.swift */,
				FC822FAB27360F8600C918A0 /* URLRequsetBuilder.swift */,
			);
			path = Networks;
			sourceTree = "<group>";
		};
		664893E727300AEC009F03E2 /* Persistences */ = {
			isa = PBXGroup;
			children = (
				FC5FB799273284E2008AC3D2 /* UserDefaultsPersistenceService.swift */,
			);
			path = Persistences;
			sourceTree = "<group>";
		};
		664893E827300B36009F03E2 /* Extensions */ = {
			isa = PBXGroup;
			children = (
				1D6232E82730FA3900A9AD6B /* UIColor+Extensions.swift */,
				1D6232EC27310EE300A9AD6B /* UIImage+Extensions.swift */,
				1D6232F427313D8E00A9AD6B /* UIView+Extensions.swift */,
				1D6232EE2731117100A9AD6B /* UIControl+Extensions.swift */,
				1D6232F227313D7300A9AD6B /* UIGestureRecognizer+Extensions.swift */,
				1D6232F8273173E300A9AD6B /* UIResponder+Extensions.swift */,
				FC5FB7DB2733A4A9008AC3D2 /* UserDefaults+Extensions.swift */,
				310125912738325800E43160 /* UIAlertController+Extensions.swift */,
			);
			path = Extensions;
			sourceTree = "<group>";
		};
		664893E927300B59009F03E2 /* Support */ = {
			isa = PBXGroup;
			children = (
				664893EA27300B65009F03E2 /* Constants */,
				664893E827300B36009F03E2 /* Extensions */,
			);
			path = Support;
			sourceTree = "<group>";
		};
		664893EA27300B65009F03E2 /* Constants */ = {
			isa = PBXGroup;
			children = (
				FC5FB7DF2733A6D5008AC3D2 /* FirebaseCollection.swift */,
				FC822FAF27367AFD00C918A0 /* API.swift */,
			);
			path = Constants;
			sourceTree = "<group>";
		};
		6648945D27327F1D009F03E2 /* GeneratePairIdUseCaseTests */ = {
			isa = PBXGroup;
			children = (
				6648945E27327F1D009F03E2 /* GeneratePairIdUseCaseTests.swift */,
			);
			path = GeneratePairIdUseCaseTests;
			sourceTree = "<group>";
		};
		669ADE332732E4A8007B529B /* RefreshPairIdUseCaseTest */ = {
			isa = PBXGroup;
			children = (
				669ADE342732E4A8007B529B /* RefreshPairIdUseCaseTest.swift */,
			);
			path = RefreshPairIdUseCaseTest;
			sourceTree = "<group>";
		};
		FC5FB7A227328A19008AC3D2 /* UserDefaultsPersistenceServiceTest */ = {
			isa = PBXGroup;
			children = (
				FC5FB7A327328A19008AC3D2 /* UserDefaultsPersistenceServiceTest.swift */,
			);
			path = UserDefaultsPersistenceServiceTest;
			sourceTree = "<group>";
		};
		FC5FB7CA27339213008AC3D2 /* UserRepositoryTests */ = {
			isa = PBXGroup;
			children = (
				FC5FB7CB27339213008AC3D2 /* UserRepositoryTests.swift */,
			);
			path = UserRepositoryTests;
			sourceTree = "<group>";
		};
		FC9F1063273102E30060FEB7 /* GetMyIdUseCaseTest */ = {
			isa = PBXGroup;
			children = (
				FC9F1064273102E30060FEB7 /* GetMyIdUseCaseTests.swift */,
			);
			path = GetMyIdUseCaseTest;
			sourceTree = "<group>";
		};
		FC9F108027315EB80060FEB7 /* FirebaseNetworkTest */ = {
			isa = PBXGroup;
			children = (
				FC9F108127315EB80060FEB7 /* FirebaseNetworkTest.swift */,
			);
			path = FirebaseNetworkTest;
			sourceTree = "<group>";
		};
/* End PBXGroup section */

/* Begin PBXNativeTarget section */
		1D0C8BC82732B5F90091ACC0 /* GetPairIdUseCaseTest */ = {
			isa = PBXNativeTarget;
			buildConfigurationList = 1D0C8BCD2732B5F90091ACC0 /* Build configuration list for PBXNativeTarget "GetPairIdUseCaseTest" */;
			buildPhases = (
				1D0C8BC52732B5F90091ACC0 /* Sources */,
				1D0C8BC62732B5F90091ACC0 /* Frameworks */,
				1D0C8BC72732B5F90091ACC0 /* Resources */,
			);
			buildRules = (
			);
			dependencies = (
			);
			name = GetPairIdUseCaseTest;
			productName = GetPairIdUseCaseTest;
			productReference = 1D0C8BC92732B5F90091ACC0 /* GetPairIdUseCaseTest.xctest */;
			productType = "com.apple.product-type.bundle.unit-test";
		};
		310D81222733C7FC00F15F4F /* SplashViewModelTest */ = {
			isa = PBXNativeTarget;
			buildConfigurationList = 310D812B2733C7FC00F15F4F /* Build configuration list for PBXNativeTarget "SplashViewModelTest" */;
			buildPhases = (
				310D811F2733C7FC00F15F4F /* Sources */,
				310D81202733C7FC00F15F4F /* Frameworks */,
				310D81212733C7FC00F15F4F /* Resources */,
			);
			buildRules = (
			);
			dependencies = (
			);
			name = SplashViewModelTest;
			productName = SplashViewModelTest;
			productReference = 310D81232733C7FC00F15F4F /* SplashViewModelTest.xctest */;
			productType = "com.apple.product-type.bundle.unit-test";
		};
		664893BC273007ED009F03E2 /* Doolda */ = {
			isa = PBXNativeTarget;
			buildConfigurationList = 664893D1273007F1009F03E2 /* Build configuration list for PBXNativeTarget "Doolda" */;
			buildPhases = (
				664893B9273007ED009F03E2 /* Sources */,
				664893BA273007ED009F03E2 /* Frameworks */,
				664893BB273007ED009F03E2 /* Resources */,
				664893F227300EDF009F03E2 /* ShellScript */,
			);
			buildRules = (
			);
			dependencies = (
			);
			name = Doolda;
			packageProductDependencies = (
				664893EC27300D7D009F03E2 /* SnapKit */,
				664893EF27300DB9009F03E2 /* Kingfisher */,
				1DDAF0452730CE14006CD027 /* FirebaseAnalytics */,
				1DDAF0472730CE14006CD027 /* FirebaseAuth */,
				1DDAF0492730CE14006CD027 /* FirebaseDatabase */,
				1DDAF04B2730CE14006CD027 /* FirebaseFirestore */,
				1DDAF04D2730CE14006CD027 /* FirebaseMessaging */,
				1DDAF04F2730CE14006CD027 /* FirebaseStorage */,
			);
			productName = Doolda;
			productReference = 664893BD273007ED009F03E2 /* Doolda.app */;
			productType = "com.apple.product-type.application";
		};
		6648941C27310165009F03E2 /* PairingViewModelTests */ = {
			isa = PBXNativeTarget;
			buildConfigurationList = 310D813E2733E56D00F15F4F /* Build configuration list for PBXNativeTarget "PairingViewModelTests" */;
			buildPhases = (
			);
			buildRules = (
			);
			dependencies = (
			);
			name = PairingViewModelTests;
			productName = PairingViewModelTests;
			productReference = 6648941D27310165009F03E2 /* PairingViewModelTests.xctest */;
			productType = "com.apple.product-type.bundle.unit-test";
		};
		6648945B27327F1D009F03E2 /* GeneratePairIdUseCaseTests */ = {
			isa = PBXNativeTarget;
			buildConfigurationList = 310D813F2733E56D00F15F4F /* Build configuration list for PBXNativeTarget "GeneratePairIdUseCaseTests" */;
			buildPhases = (
			);
			buildRules = (
			);
			dependencies = (
				6648946127327F1D009F03E2 /* PBXTargetDependency */,
			);
			name = GeneratePairIdUseCaseTests;
			productName = GeneratePairIdUseCaseTests;
			productReference = 6648945C27327F1D009F03E2 /* GeneratePairIdUseCaseTests.xctest */;
			productType = "com.apple.product-type.bundle.unit-test";
		};
		669ADE312732E4A8007B529B /* RefreshPairIdUseCaseTest */ = {
			isa = PBXNativeTarget;
			buildConfigurationList = 669ADE3A2732E4A8007B529B /* Build configuration list for PBXNativeTarget "RefreshPairIdUseCaseTest" */;
			buildPhases = (
				669ADE2E2732E4A8007B529B /* Sources */,
				669ADE2F2732E4A8007B529B /* Frameworks */,
				669ADE302732E4A8007B529B /* Resources */,
			);
			buildRules = (
			);
			dependencies = (
				669ADE372732E4A8007B529B /* PBXTargetDependency */,
			);
			name = RefreshPairIdUseCaseTest;
			productName = RefreshPairIdUseCase;
			productReference = 669ADE322732E4A8007B529B /* RefreshPairIdUseCaseTest.xctest */;
			productType = "com.apple.product-type.bundle.unit-test";
		};
		FC5FB7A027328A19008AC3D2 /* UserDefaultsPersistenceServiceTest */ = {
			isa = PBXNativeTarget;
			buildConfigurationList = FC5FB7A727328A19008AC3D2 /* Build configuration list for PBXNativeTarget "UserDefaultsPersistenceServiceTest" */;
			buildPhases = (
				FC5FB79D27328A19008AC3D2 /* Sources */,
				FC5FB79E27328A19008AC3D2 /* Frameworks */,
				FC5FB79F27328A19008AC3D2 /* Resources */,
			);
			buildRules = (
			);
			dependencies = (
				FC5FB7A627328A19008AC3D2 /* PBXTargetDependency */,
			);
			name = UserDefaultsPersistenceServiceTest;
			productName = UserDefaultsPersistenceServiceTest;
			productReference = FC5FB7A127328A19008AC3D2 /* UserDefaultsPersistenceServiceTest.xctest */;
			productType = "com.apple.product-type.bundle.unit-test";
		};
		FC5FB7C827339213008AC3D2 /* UserRepositoryTests */ = {
			isa = PBXNativeTarget;
			buildConfigurationList = FC5FB7CF27339213008AC3D2 /* Build configuration list for PBXNativeTarget "UserRepositoryTests" */;
			buildPhases = (
				FC5FB7C527339213008AC3D2 /* Sources */,
				FC5FB7C627339213008AC3D2 /* Frameworks */,
				FC5FB7C727339213008AC3D2 /* Resources */,
			);
			buildRules = (
			);
			dependencies = (
				FC5FB7CE27339213008AC3D2 /* PBXTargetDependency */,
			);
			name = UserRepositoryTests;
			productName = UserRepositoryTests;
			productReference = FC5FB7C927339213008AC3D2 /* UserRepositoryTests.xctest */;
			productType = "com.apple.product-type.bundle.unit-test";
		};
		FC9F1061273102E30060FEB7 /* GetMyIdUseCaseTest */ = {
			isa = PBXNativeTarget;
			buildConfigurationList = FC9F1068273102E30060FEB7 /* Build configuration list for PBXNativeTarget "GetMyIdUseCaseTest" */;
			buildPhases = (
				FC9F105E273102E30060FEB7 /* Sources */,
				FC9F105F273102E30060FEB7 /* Frameworks */,
				FC9F1060273102E30060FEB7 /* Resources */,
			);
			buildRules = (
			);
			dependencies = (
				FC9F1067273102E30060FEB7 /* PBXTargetDependency */,
			);
			name = GetMyIdUseCaseTest;
			productName = DooldaTests;
			productReference = FC9F1062273102E30060FEB7 /* GetMyIdUseCaseTest.xctest */;
			productType = "com.apple.product-type.bundle.unit-test";
		};
		FC9F107E27315EB80060FEB7 /* FirebaseNetworkTest */ = {
			isa = PBXNativeTarget;
			buildConfigurationList = FC9F108527315EB80060FEB7 /* Build configuration list for PBXNativeTarget "FirebaseNetworkTest" */;
			buildPhases = (
				FC9F107B27315EB80060FEB7 /* Sources */,
				FC9F107C27315EB80060FEB7 /* Frameworks */,
				FC9F107D27315EB80060FEB7 /* Resources */,
			);
			buildRules = (
			);
			dependencies = (
				FC9F108427315EB80060FEB7 /* PBXTargetDependency */,
			);
			name = FirebaseNetworkTest;
			productName = FirebaseNetworkTest;
			productReference = FC9F107F27315EB80060FEB7 /* FirebaseNetworkTest.xctest */;
			productType = "com.apple.product-type.bundle.unit-test";
		};
/* End PBXNativeTarget section */

/* Begin PBXProject section */
		664893B5273007ED009F03E2 /* Project object */ = {
			isa = PBXProject;
			attributes = {
				BuildIndependentTargetsInParallel = 1;
				LastSwiftUpdateCheck = 1310;
				LastUpgradeCheck = 1300;
				TargetAttributes = {
					1D0C8BC82732B5F90091ACC0 = {
						CreatedOnToolsVersion = 13.0;
					};
					310D81222733C7FC00F15F4F = {
						CreatedOnToolsVersion = 13.1;
						TestTargetID = 664893BC273007ED009F03E2;
					};
					664893BC273007ED009F03E2 = {
						CreatedOnToolsVersion = 13.0;
					};
					669ADE312732E4A8007B529B = {
						CreatedOnToolsVersion = 13.0;
						TestTargetID = 664893BC273007ED009F03E2;
					};
					FC5FB7A027328A19008AC3D2 = {
						CreatedOnToolsVersion = 13.0;
					};
					FC5FB7C827339213008AC3D2 = {
						CreatedOnToolsVersion = 13.0;
						TestTargetID = 664893BC273007ED009F03E2;
					};
					FC9F1061273102E30060FEB7 = {
						CreatedOnToolsVersion = 13.0;
					};
					FC9F107E27315EB80060FEB7 = {
						CreatedOnToolsVersion = 13.0;
						TestTargetID = 664893BC273007ED009F03E2;
					};
				};
			};
			buildConfigurationList = 664893B8273007ED009F03E2 /* Build configuration list for PBXProject "Doolda" */;
			compatibilityVersion = "Xcode 13.0";
			developmentRegion = en;
			hasScannedForEncodings = 0;
			knownRegions = (
				en,
				Base,
			);
			mainGroup = 664893B4273007ED009F03E2;
			packageReferences = (
				664893EB27300D7D009F03E2 /* XCRemoteSwiftPackageReference "SnapKit" */,
				664893EE27300DB9009F03E2 /* XCRemoteSwiftPackageReference "Kingfisher" */,
				664893F127300E28009F03E2 /* XCRemoteSwiftPackageReference "SwiftLint" */,
				1DDAF0442730CE14006CD027 /* XCRemoteSwiftPackageReference "firebase-ios-sdk" */,
			);
			productRefGroup = 664893BE273007ED009F03E2 /* Products */;
			projectDirPath = "";
			projectRoot = "";
			targets = (
				664893BC273007ED009F03E2 /* Doolda */,
				6648941C27310165009F03E2 /* PairingViewModelTests */,
				FC9F1061273102E30060FEB7 /* GetMyIdUseCaseTest */,
				6648945B27327F1D009F03E2 /* GeneratePairIdUseCaseTests */,
				FC9F107E27315EB80060FEB7 /* FirebaseNetworkTest */,
				FC5FB7A027328A19008AC3D2 /* UserDefaultsPersistenceServiceTest */,
				669ADE312732E4A8007B529B /* RefreshPairIdUseCaseTest */,
				1D0C8BC82732B5F90091ACC0 /* GetPairIdUseCaseTest */,
				FC5FB7C827339213008AC3D2 /* UserRepositoryTests */,
				310D81222733C7FC00F15F4F /* SplashViewModelTest */,
			);
		};
/* End PBXProject section */

/* Begin PBXResourcesBuildPhase section */
		1D0C8BC72732B5F90091ACC0 /* Resources */ = {
			isa = PBXResourcesBuildPhase;
			buildActionMask = 2147483647;
			files = (
			);
			runOnlyForDeploymentPostprocessing = 0;
		};
		310D81212733C7FC00F15F4F /* Resources */ = {
			isa = PBXResourcesBuildPhase;
			buildActionMask = 2147483647;
			files = (
			);
			runOnlyForDeploymentPostprocessing = 0;
		};
		664893BB273007ED009F03E2 /* Resources */ = {
			isa = PBXResourcesBuildPhase;
			buildActionMask = 2147483647;
			files = (
				664893CD273007F1009F03E2 /* LaunchScreen.storyboard in Resources */,
				3101258F2737987B00E43160 /* GoogleService-Info.plist in Resources */,
				664893CA273007F1009F03E2 /* Assets.xcassets in Resources */,
				1DD6AD4027321F7800592AC8 /* dovemayo.otf in Resources */,
			);
			runOnlyForDeploymentPostprocessing = 0;
		};
		669ADE302732E4A8007B529B /* Resources */ = {
			isa = PBXResourcesBuildPhase;
			buildActionMask = 2147483647;
			files = (
			);
			runOnlyForDeploymentPostprocessing = 0;
		};
		FC5FB79F27328A19008AC3D2 /* Resources */ = {
			isa = PBXResourcesBuildPhase;
			buildActionMask = 2147483647;
			files = (
			);
			runOnlyForDeploymentPostprocessing = 0;
		};
		FC5FB7C727339213008AC3D2 /* Resources */ = {
			isa = PBXResourcesBuildPhase;
			buildActionMask = 2147483647;
			files = (
			);
			runOnlyForDeploymentPostprocessing = 0;
		};
		FC9F1060273102E30060FEB7 /* Resources */ = {
			isa = PBXResourcesBuildPhase;
			buildActionMask = 2147483647;
			files = (
			);
			runOnlyForDeploymentPostprocessing = 0;
		};
		FC9F107D27315EB80060FEB7 /* Resources */ = {
			isa = PBXResourcesBuildPhase;
			buildActionMask = 2147483647;
			files = (
			);
			runOnlyForDeploymentPostprocessing = 0;
		};
/* End PBXResourcesBuildPhase section */

/* Begin PBXShellScriptBuildPhase section */
		664893F227300EDF009F03E2 /* ShellScript */ = {
			isa = PBXShellScriptBuildPhase;
			buildActionMask = 2147483647;
			files = (
			);
			inputFileListPaths = (
			);
			inputPaths = (
			);
			outputFileListPaths = (
			);
			outputPaths = (
			);
			runOnlyForDeploymentPostprocessing = 0;
			shellPath = /bin/sh;
			shellScript = "if which swiftlint >/dev/null; then\n  swiftlint\nelse\n  echo \"warning: SwiftLint not installed, download from https://github.com/realm/SwiftLint\"\nfi\n";
		};
/* End PBXShellScriptBuildPhase section */

/* Begin PBXSourcesBuildPhase section */
		1D0C8BC52732B5F90091ACC0 /* Sources */ = {
			isa = PBXSourcesBuildPhase;
			buildActionMask = 2147483647;
			files = (
				1D0C8BD02732B7780091ACC0 /* UserRepositoryProtocol.swift in Sources */,
				1D0C8BD12732B7BA0091ACC0 /* GetUserUseCase.swift in Sources */,
				1D0C8BCC2732B5F90091ACC0 /* GetPairIdUseCaseTest.swift in Sources */,
			);
			runOnlyForDeploymentPostprocessing = 0;
		};
		310D811F2733C7FC00F15F4F /* Sources */ = {
			isa = PBXSourcesBuildPhase;
			buildActionMask = 2147483647;
			files = (
				310D81332733CD5400F15F4F /* UserRepositoryProtocol.swift in Sources */,
				310D81322733CC1900F15F4F /* RegisterUserUseCase.swift in Sources */,
				310D812E2733C86000F15F4F /* GetMyIdUseCase.swift in Sources */,
				310D812F2733C86000F15F4F /* GetUserUseCase.swift in Sources */,
				310D812D2733C84B00F15F4F /* SplashViewCoordinatorDelegate.swift in Sources */,
				310D812C2733C83B00F15F4F /* SplashViewModel.swift in Sources */,
				310D81262733C7FC00F15F4F /* SplashViewModelTest.swift in Sources */,
			);
			runOnlyForDeploymentPostprocessing = 0;
		};
		664893B9273007ED009F03E2 /* Sources */ = {
			isa = PBXSourcesBuildPhase;
			buildActionMask = 2147483647;
			files = (
				1D3629FE2733C79300CFC069 /* RegisterUserUseCase.swift in Sources */,
				FC5FB7E02733A6D5008AC3D2 /* FirebaseCollection.swift in Sources */,
				1D6232F527313D8E00A9AD6B /* UIView+Extensions.swift in Sources */,
				1D0C8BC42732AF780091ACC0 /* GetUserUseCase.swift in Sources */,
				FC5FB79027325C4D008AC3D2 /* UserDocument.swift in Sources */,
				66F5D47A2733E88F000FB471 /* PageEntity.swift in Sources */,
				66FE9371273671910036CED2 /* PairUserUseCase.swift in Sources */,
				1DE5E5362738BBAA004F794F /* CoordinatorProtocol.swift in Sources */,
				FC822FAA2736088100C918A0 /* URLSessionNetworkService.swift in Sources */,
				FC5FB79827327861008AC3D2 /* FirebaseDocument.swift in Sources */,
				FC822FAC27360F8600C918A0 /* URLRequsetBuilder.swift in Sources */,
				310125922738325800E43160 /* UIAlertController+Extensions.swift in Sources */,
				664893F4273023D3009F03E2 /* SplashViewController.swift in Sources */,
				1D6232F9273173E300A9AD6B /* UIResponder+Extensions.swift in Sources */,
				1D6232E92730FA3900A9AD6B /* UIColor+Extensions.swift in Sources */,
				1D6232F327313D7400A9AD6B /* UIGestureRecognizer+Extensions.swift in Sources */,
				66FE936B273564DB0036CED2 /* DDID.swift in Sources */,
				310D80D32731402F00F15F4F /* ParingViewCoordinator.swift in Sources */,
				FC822FB22736BF8400C918A0 /* URLSessionNetworkServiceProtocol.swift in Sources */,
				1D6232F7273140CF00A9AD6B /* CopyableLabel.swift in Sources */,
				FC5FB79C27328579008AC3D2 /* UserDefaultsPersistenceServiceProtocol.swift in Sources */,
				1D6232EF2731117100A9AD6B /* UIControl+Extensions.swift in Sources */,
				66FE9373273688E10036CED2 /* RefreshUserUseCase.swift in Sources */,
				310D81482733F56700F15F4F /* DiaryViewController.swift in Sources */,
				664893FA27302905009F03E2 /* SplashViewCoordinator.swift in Sources */,
				FC9F10582730F0060060FEB7 /* GetMyIdUseCase.swift in Sources */,
				FC822FB027367AFD00C918A0 /* API.swift in Sources */,
				1D6232ED27310EE300A9AD6B /* UIImage+Extensions.swift in Sources */,
				66FE936D2735655C0036CED2 /* DDIDDataTransferObject.swift in Sources */,
				FC9F1078273139040060FEB7 /* FirebaseNetworkProtocol.swift in Sources */,
				66F5D47C2733EA32000FB471 /* ComponentEntity.swift in Sources */,
				664893FE273029AC009F03E2 /* SplashViewCoordinatorDelegate.swift in Sources */,
				66F5D47E2733EE8F000FB471 /* RawPageEntity.swift in Sources */,
				FC5FB79A273284E2008AC3D2 /* UserDefaultsPersistenceService.swift in Sources */,
				664893FC27302947009F03E2 /* SplashViewModel.swift in Sources */,
				664893F82730272B009F03E2 /* AppCoordinator.swift in Sources */,
				664894182730F1B1009F03E2 /* PairingViewModel.swift in Sources */,
				66FE936F27356E160036CED2 /* User.swift in Sources */,
				FC9F10702731323C0060FEB7 /* FirebaseNetworkService.swift in Sources */,
				FC5FB7DC2733A4AA008AC3D2 /* UserDefaults+Extensions.swift in Sources */,
				FC5FB793273260C3008AC3D2 /* UserRepository.swift in Sources */,
				664893C1273007ED009F03E2 /* AppDelegate.swift in Sources */,
				310D80D52731405B00F15F4F /* DiaryViewCoordinator.swift in Sources */,
				FC9F105B2730F1B20060FEB7 /* UserRepositoryProtocol.swift in Sources */,
				1D58277D2732883E00FD0EA5 /* PairingViewCoordinatorDelegate.swift in Sources */,
				1D6232E72730F0DF00A9AD6B /* PairingViewController.swift in Sources */,
				664893C3273007ED009F03E2 /* SceneDelegate.swift in Sources */,
				FC5FB7952732627C008AC3D2 /* PairDocument.swift in Sources */,
			);
			runOnlyForDeploymentPostprocessing = 0;
		};
		669ADE2E2732E4A8007B529B /* Sources */ = {
			isa = PBXSourcesBuildPhase;
			buildActionMask = 2147483647;
			files = (
				669ADE3E2732E55F007B529B /* UserRepositoryProtocol.swift in Sources */,
				669ADE3F2732E55F007B529B /* RefreshPairIdUseCaseTest.swift in Sources */,
			);
			runOnlyForDeploymentPostprocessing = 0;
		};
		FC5FB79D27328A19008AC3D2 /* Sources */ = {
			isa = PBXSourcesBuildPhase;
			buildActionMask = 2147483647;
			files = (
				FC5FB7E12733A6D5008AC3D2 /* FirebaseCollection.swift in Sources */,
				FC5FB7DD2733A4AA008AC3D2 /* UserDefaults+Extensions.swift in Sources */,
			);
			runOnlyForDeploymentPostprocessing = 0;
		};
		FC5FB7C527339213008AC3D2 /* Sources */ = {
			isa = PBXSourcesBuildPhase;
			buildActionMask = 2147483647;
			files = (
				FC5FB7D22733927B008AC3D2 /* UserRepositoryProtocol.swift in Sources */,
				FC5FB7D32733927B008AC3D2 /* UserRepository.swift in Sources */,
				FC5FB7D42733927B008AC3D2 /* UserDocument.swift in Sources */,
				FC5FB7D52733927B008AC3D2 /* PairDocument.swift in Sources */,
				FC5FB7E22733A6D5008AC3D2 /* FirebaseCollection.swift in Sources */,
				FC5FB7D62733927B008AC3D2 /* FirebaseDocument.swift in Sources */,
				FC5FB7D72733927B008AC3D2 /* FirebaseNetworkProtocol.swift in Sources */,
				FC5FB7D82733927B008AC3D2 /* UserDefaultsPersistenceServiceProtocol.swift in Sources */,
				FC5FB7D92733927B008AC3D2 /* UserDefaultsPersistenceService.swift in Sources */,
				FC5FB7DE2733A4AA008AC3D2 /* UserDefaults+Extensions.swift in Sources */,
				FC5FB7DA2733927B008AC3D2 /* FirebaseNetworkService.swift in Sources */,
				FC5FB7CC27339213008AC3D2 /* UserRepositoryTests.swift in Sources */,
			);
			runOnlyForDeploymentPostprocessing = 0;
		};
		FC9F105E273102E30060FEB7 /* Sources */ = {
			isa = PBXSourcesBuildPhase;
			buildActionMask = 2147483647;
			files = (
				FC9F106B2731035E0060FEB7 /* GetMyIdUseCase.swift in Sources */,
				FC9F106C2731035E0060FEB7 /* UserRepositoryProtocol.swift in Sources */,
				FC9F1065273102E30060FEB7 /* GetMyIdUseCaseTests.swift in Sources */,
			);
			runOnlyForDeploymentPostprocessing = 0;
		};
		FC9F107B27315EB80060FEB7 /* Sources */ = {
			isa = PBXSourcesBuildPhase;
			buildActionMask = 2147483647;
			files = (
				FC5FB7AC27328E3E008AC3D2 /* FirebaseDocument.swift in Sources */,
				FC5FB79627326306008AC3D2 /* PairDocument.swift in Sources */,
				FC5FB79127325D2C008AC3D2 /* UserDocument.swift in Sources */,
				FC9F108927315EEB0060FEB7 /* FirebaseNetworkProtocol.swift in Sources */,
				FC9F108A27315EEB0060FEB7 /* FirebaseNetworkService.swift in Sources */,
				FC9F108227315EB80060FEB7 /* FirebaseNetworkTest.swift in Sources */,
			);
			runOnlyForDeploymentPostprocessing = 0;
		};
/* End PBXSourcesBuildPhase section */

/* Begin PBXTargetDependency section */
		6648946127327F1D009F03E2 /* PBXTargetDependency */ = {
			isa = PBXTargetDependency;
			target = 664893BC273007ED009F03E2 /* Doolda */;
			targetProxy = 6648946027327F1D009F03E2 /* PBXContainerItemProxy */;
		};
		669ADE372732E4A8007B529B /* PBXTargetDependency */ = {
			isa = PBXTargetDependency;
			target = 664893BC273007ED009F03E2 /* Doolda */;
			targetProxy = 669ADE362732E4A8007B529B /* PBXContainerItemProxy */;
		};
		FC5FB7A627328A19008AC3D2 /* PBXTargetDependency */ = {
			isa = PBXTargetDependency;
			target = 664893BC273007ED009F03E2 /* Doolda */;
			targetProxy = FC5FB7A527328A19008AC3D2 /* PBXContainerItemProxy */;
		};
		FC5FB7CE27339213008AC3D2 /* PBXTargetDependency */ = {
			isa = PBXTargetDependency;
			target = 664893BC273007ED009F03E2 /* Doolda */;
			targetProxy = FC5FB7CD27339213008AC3D2 /* PBXContainerItemProxy */;
		};
		FC9F1067273102E30060FEB7 /* PBXTargetDependency */ = {
			isa = PBXTargetDependency;
			target = 664893BC273007ED009F03E2 /* Doolda */;
			targetProxy = FC9F1066273102E30060FEB7 /* PBXContainerItemProxy */;
		};
		FC9F108427315EB80060FEB7 /* PBXTargetDependency */ = {
			isa = PBXTargetDependency;
			target = 664893BC273007ED009F03E2 /* Doolda */;
			targetProxy = FC9F108327315EB80060FEB7 /* PBXContainerItemProxy */;
		};
/* End PBXTargetDependency section */

/* Begin PBXVariantGroup section */
		664893CB273007F1009F03E2 /* LaunchScreen.storyboard */ = {
			isa = PBXVariantGroup;
			children = (
				664893CC273007F1009F03E2 /* Base */,
			);
			name = LaunchScreen.storyboard;
			sourceTree = "<group>";
		};
/* End PBXVariantGroup section */

/* Begin XCBuildConfiguration section */
		1D0C8BCE2732B5F90091ACC0 /* Debug */ = {
			isa = XCBuildConfiguration;
			buildSettings = {
				CODE_SIGN_STYLE = Automatic;
				COMBINE_HIDPI_IMAGES = YES;
				CURRENT_PROJECT_VERSION = 1;
				DEVELOPMENT_TEAM = B3PWYBKFUK;
				GENERATE_INFOPLIST_FILE = YES;
				LD_RUNPATH_SEARCH_PATHS = (
					"$(inherited)",
					"@executable_path/../Frameworks",
					"@loader_path/../Frameworks",
				);
				MACOSX_DEPLOYMENT_TARGET = 11.3;
				MARKETING_VERSION = 1.0;
				PRODUCT_BUNDLE_IDENTIFIER = Seunghun.GetPairIdUseCaseTest;
				PRODUCT_NAME = "$(TARGET_NAME)";
				SDKROOT = macosx;
				SWIFT_EMIT_LOC_STRINGS = NO;
				SWIFT_VERSION = 5.0;
			};
			name = Debug;
		};
		1D0C8BCF2732B5F90091ACC0 /* Release */ = {
			isa = XCBuildConfiguration;
			buildSettings = {
				CODE_SIGN_STYLE = Automatic;
				COMBINE_HIDPI_IMAGES = YES;
				CURRENT_PROJECT_VERSION = 1;
				DEVELOPMENT_TEAM = B3PWYBKFUK;
				GENERATE_INFOPLIST_FILE = YES;
				LD_RUNPATH_SEARCH_PATHS = (
					"$(inherited)",
					"@executable_path/../Frameworks",
					"@loader_path/../Frameworks",
				);
				MACOSX_DEPLOYMENT_TARGET = 11.3;
				MARKETING_VERSION = 1.0;
				PRODUCT_BUNDLE_IDENTIFIER = Seunghun.GetPairIdUseCaseTest;
				PRODUCT_NAME = "$(TARGET_NAME)";
				SDKROOT = macosx;
				SWIFT_EMIT_LOC_STRINGS = NO;
				SWIFT_VERSION = 5.0;
			};
			name = Release;
		};
		310D81292733C7FC00F15F4F /* Debug */ = {
			isa = XCBuildConfiguration;
			buildSettings = {
				CODE_SIGN_STYLE = Automatic;
				CURRENT_PROJECT_VERSION = 1;
				DEVELOPMENT_TEAM = B3PWYBKFUK;
				GENERATE_INFOPLIST_FILE = YES;
				LD_RUNPATH_SEARCH_PATHS = (
					"$(inherited)",
					"@executable_path/Frameworks",
					"@loader_path/Frameworks",
				);
				MARKETING_VERSION = 1.0;
				PRODUCT_BUNDLE_IDENTIFIER = Codesquad.SplashViewModelTest;
				PRODUCT_NAME = "$(TARGET_NAME)";
				SWIFT_EMIT_LOC_STRINGS = NO;
				SWIFT_VERSION = 5.0;
				TARGETED_DEVICE_FAMILY = "1,2";
				TEST_HOST = "$(BUILT_PRODUCTS_DIR)/Doolda.app/Doolda";
			};
			name = Debug;
		};
		310D812A2733C7FC00F15F4F /* Release */ = {
			isa = XCBuildConfiguration;
			buildSettings = {
				CODE_SIGN_STYLE = Automatic;
				CURRENT_PROJECT_VERSION = 1;
				DEVELOPMENT_TEAM = B3PWYBKFUK;
				GENERATE_INFOPLIST_FILE = YES;
				LD_RUNPATH_SEARCH_PATHS = (
					"$(inherited)",
					"@executable_path/Frameworks",
					"@loader_path/Frameworks",
				);
				MARKETING_VERSION = 1.0;
				PRODUCT_BUNDLE_IDENTIFIER = Codesquad.SplashViewModelTest;
				PRODUCT_NAME = "$(TARGET_NAME)";
				SWIFT_EMIT_LOC_STRINGS = NO;
				SWIFT_VERSION = 5.0;
				TARGETED_DEVICE_FAMILY = "1,2";
				TEST_HOST = "$(BUILT_PRODUCTS_DIR)/Doolda.app/Doolda";
			};
			name = Release;
		};
		310D81392733E47A00F15F4F /* Debug */ = {
			isa = XCBuildConfiguration;
			buildSettings = {
				COPY_PHASE_STRIP = NO;
				GCC_DYNAMIC_NO_PIC = NO;
				GCC_OPTIMIZATION_LEVEL = 0;
				PRODUCT_NAME = PairingViewModelTests;
			};
			name = Debug;
		};
		310D813A2733E47A00F15F4F /* Release */ = {
			isa = XCBuildConfiguration;
			buildSettings = {
				COPY_PHASE_STRIP = YES;
				DEBUG_INFORMATION_FORMAT = "dwarf-with-dsym";
				PRODUCT_NAME = PairingViewModelTests;
			};
			name = Release;
		};
		310D813B2733E47A00F15F4F /* Debug */ = {
			isa = XCBuildConfiguration;
			buildSettings = {
				COPY_PHASE_STRIP = NO;
				GCC_DYNAMIC_NO_PIC = NO;
				GCC_OPTIMIZATION_LEVEL = 0;
				PRODUCT_NAME = GeneratePairIdUseCaseTests;
			};
			name = Debug;
		};
		310D813C2733E47A00F15F4F /* Release */ = {
			isa = XCBuildConfiguration;
			buildSettings = {
				COPY_PHASE_STRIP = YES;
				DEBUG_INFORMATION_FORMAT = "dwarf-with-dsym";
				PRODUCT_NAME = GeneratePairIdUseCaseTests;
			};
			name = Release;
		};
		664893CF273007F1009F03E2 /* Debug */ = {
			isa = XCBuildConfiguration;
			buildSettings = {
				ALWAYS_SEARCH_USER_PATHS = NO;
				CLANG_ANALYZER_NONNULL = YES;
				CLANG_ANALYZER_NUMBER_OBJECT_CONVERSION = YES_AGGRESSIVE;
				CLANG_CXX_LANGUAGE_STANDARD = "gnu++17";
				CLANG_CXX_LIBRARY = "libc++";
				CLANG_ENABLE_MODULES = YES;
				CLANG_ENABLE_OBJC_ARC = YES;
				CLANG_ENABLE_OBJC_WEAK = YES;
				CLANG_WARN_BLOCK_CAPTURE_AUTORELEASING = YES;
				CLANG_WARN_BOOL_CONVERSION = YES;
				CLANG_WARN_COMMA = YES;
				CLANG_WARN_CONSTANT_CONVERSION = YES;
				CLANG_WARN_DEPRECATED_OBJC_IMPLEMENTATIONS = YES;
				CLANG_WARN_DIRECT_OBJC_ISA_USAGE = YES_ERROR;
				CLANG_WARN_DOCUMENTATION_COMMENTS = YES;
				CLANG_WARN_EMPTY_BODY = YES;
				CLANG_WARN_ENUM_CONVERSION = YES;
				CLANG_WARN_INFINITE_RECURSION = YES;
				CLANG_WARN_INT_CONVERSION = YES;
				CLANG_WARN_NON_LITERAL_NULL_CONVERSION = YES;
				CLANG_WARN_OBJC_IMPLICIT_RETAIN_SELF = YES;
				CLANG_WARN_OBJC_LITERAL_CONVERSION = YES;
				CLANG_WARN_OBJC_ROOT_CLASS = YES_ERROR;
				CLANG_WARN_QUOTED_INCLUDE_IN_FRAMEWORK_HEADER = YES;
				CLANG_WARN_RANGE_LOOP_ANALYSIS = YES;
				CLANG_WARN_STRICT_PROTOTYPES = YES;
				CLANG_WARN_SUSPICIOUS_MOVE = YES;
				CLANG_WARN_UNGUARDED_AVAILABILITY = YES_AGGRESSIVE;
				CLANG_WARN_UNREACHABLE_CODE = YES;
				CLANG_WARN__DUPLICATE_METHOD_MATCH = YES;
				COPY_PHASE_STRIP = NO;
				DEBUG_INFORMATION_FORMAT = dwarf;
				ENABLE_STRICT_OBJC_MSGSEND = YES;
				ENABLE_TESTABILITY = YES;
				GCC_C_LANGUAGE_STANDARD = gnu11;
				GCC_DYNAMIC_NO_PIC = NO;
				GCC_NO_COMMON_BLOCKS = YES;
				GCC_OPTIMIZATION_LEVEL = 0;
				GCC_PREPROCESSOR_DEFINITIONS = (
					"DEBUG=1",
					"$(inherited)",
				);
				GCC_WARN_64_TO_32_BIT_CONVERSION = YES;
				GCC_WARN_ABOUT_RETURN_TYPE = YES_ERROR;
				GCC_WARN_UNDECLARED_SELECTOR = YES;
				GCC_WARN_UNINITIALIZED_AUTOS = YES_AGGRESSIVE;
				GCC_WARN_UNUSED_FUNCTION = YES;
				GCC_WARN_UNUSED_VARIABLE = YES;
				IPHONEOS_DEPLOYMENT_TARGET = 15.0;
				MTL_ENABLE_DEBUG_INFO = INCLUDE_SOURCE;
				MTL_FAST_MATH = YES;
				ONLY_ACTIVE_ARCH = YES;
				SDKROOT = iphoneos;
				SWIFT_ACTIVE_COMPILATION_CONDITIONS = DEBUG;
				SWIFT_OPTIMIZATION_LEVEL = "-Onone";
			};
			name = Debug;
		};
		664893D0273007F1009F03E2 /* Release */ = {
			isa = XCBuildConfiguration;
			buildSettings = {
				ALWAYS_SEARCH_USER_PATHS = NO;
				CLANG_ANALYZER_NONNULL = YES;
				CLANG_ANALYZER_NUMBER_OBJECT_CONVERSION = YES_AGGRESSIVE;
				CLANG_CXX_LANGUAGE_STANDARD = "gnu++17";
				CLANG_CXX_LIBRARY = "libc++";
				CLANG_ENABLE_MODULES = YES;
				CLANG_ENABLE_OBJC_ARC = YES;
				CLANG_ENABLE_OBJC_WEAK = YES;
				CLANG_WARN_BLOCK_CAPTURE_AUTORELEASING = YES;
				CLANG_WARN_BOOL_CONVERSION = YES;
				CLANG_WARN_COMMA = YES;
				CLANG_WARN_CONSTANT_CONVERSION = YES;
				CLANG_WARN_DEPRECATED_OBJC_IMPLEMENTATIONS = YES;
				CLANG_WARN_DIRECT_OBJC_ISA_USAGE = YES_ERROR;
				CLANG_WARN_DOCUMENTATION_COMMENTS = YES;
				CLANG_WARN_EMPTY_BODY = YES;
				CLANG_WARN_ENUM_CONVERSION = YES;
				CLANG_WARN_INFINITE_RECURSION = YES;
				CLANG_WARN_INT_CONVERSION = YES;
				CLANG_WARN_NON_LITERAL_NULL_CONVERSION = YES;
				CLANG_WARN_OBJC_IMPLICIT_RETAIN_SELF = YES;
				CLANG_WARN_OBJC_LITERAL_CONVERSION = YES;
				CLANG_WARN_OBJC_ROOT_CLASS = YES_ERROR;
				CLANG_WARN_QUOTED_INCLUDE_IN_FRAMEWORK_HEADER = YES;
				CLANG_WARN_RANGE_LOOP_ANALYSIS = YES;
				CLANG_WARN_STRICT_PROTOTYPES = YES;
				CLANG_WARN_SUSPICIOUS_MOVE = YES;
				CLANG_WARN_UNGUARDED_AVAILABILITY = YES_AGGRESSIVE;
				CLANG_WARN_UNREACHABLE_CODE = YES;
				CLANG_WARN__DUPLICATE_METHOD_MATCH = YES;
				COPY_PHASE_STRIP = NO;
				DEBUG_INFORMATION_FORMAT = "dwarf-with-dsym";
				ENABLE_NS_ASSERTIONS = NO;
				ENABLE_STRICT_OBJC_MSGSEND = YES;
				GCC_C_LANGUAGE_STANDARD = gnu11;
				GCC_NO_COMMON_BLOCKS = YES;
				GCC_WARN_64_TO_32_BIT_CONVERSION = YES;
				GCC_WARN_ABOUT_RETURN_TYPE = YES_ERROR;
				GCC_WARN_UNDECLARED_SELECTOR = YES;
				GCC_WARN_UNINITIALIZED_AUTOS = YES_AGGRESSIVE;
				GCC_WARN_UNUSED_FUNCTION = YES;
				GCC_WARN_UNUSED_VARIABLE = YES;
				IPHONEOS_DEPLOYMENT_TARGET = 15.0;
				MTL_ENABLE_DEBUG_INFO = NO;
				MTL_FAST_MATH = YES;
				SDKROOT = iphoneos;
				SWIFT_COMPILATION_MODE = wholemodule;
				SWIFT_OPTIMIZATION_LEVEL = "-O";
				VALIDATE_PRODUCT = YES;
			};
			name = Release;
		};
		664893D2273007F1009F03E2 /* Debug */ = {
			isa = XCBuildConfiguration;
			buildSettings = {
				ASSETCATALOG_COMPILER_APPICON_NAME = AppIcon;
				ASSETCATALOG_COMPILER_GLOBAL_ACCENT_COLOR_NAME = AccentColor;
				CODE_SIGN_STYLE = Automatic;
				CURRENT_PROJECT_VERSION = 1;
				DEVELOPMENT_TEAM = B3PWYBKFUK;
				GENERATE_INFOPLIST_FILE = YES;
				INFOPLIST_FILE = Doolda/Resources/Info.plist;
				INFOPLIST_KEY_UIApplicationSupportsIndirectInputEvents = YES;
				INFOPLIST_KEY_UILaunchStoryboardName = LaunchScreen;
				INFOPLIST_KEY_UISupportedInterfaceOrientations_iPad = "UIInterfaceOrientationPortrait UIInterfaceOrientationPortraitUpsideDown UIInterfaceOrientationLandscapeLeft UIInterfaceOrientationLandscapeRight";
				INFOPLIST_KEY_UISupportedInterfaceOrientations_iPhone = "UIInterfaceOrientationPortrait UIInterfaceOrientationLandscapeLeft UIInterfaceOrientationLandscapeRight";
				LD_RUNPATH_SEARCH_PATHS = (
					"$(inherited)",
					"@executable_path/Frameworks",
				);
				MARKETING_VERSION = 1.0;
				PRODUCT_BUNDLE_IDENTIFIER = com.boolbada.Doolda;
				PRODUCT_NAME = "$(TARGET_NAME)";
				SWIFT_EMIT_LOC_STRINGS = YES;
				SWIFT_VERSION = 5.0;
				TARGETED_DEVICE_FAMILY = "1,2";
			};
			name = Debug;
		};
		664893D3273007F1009F03E2 /* Release */ = {
			isa = XCBuildConfiguration;
			buildSettings = {
				ASSETCATALOG_COMPILER_APPICON_NAME = AppIcon;
				ASSETCATALOG_COMPILER_GLOBAL_ACCENT_COLOR_NAME = AccentColor;
				CODE_SIGN_STYLE = Automatic;
				CURRENT_PROJECT_VERSION = 1;
				DEVELOPMENT_TEAM = B3PWYBKFUK;
				GENERATE_INFOPLIST_FILE = YES;
				INFOPLIST_FILE = Doolda/Resources/Info.plist;
				INFOPLIST_KEY_UIApplicationSupportsIndirectInputEvents = YES;
				INFOPLIST_KEY_UILaunchStoryboardName = LaunchScreen;
				INFOPLIST_KEY_UISupportedInterfaceOrientations_iPad = "UIInterfaceOrientationPortrait UIInterfaceOrientationPortraitUpsideDown UIInterfaceOrientationLandscapeLeft UIInterfaceOrientationLandscapeRight";
				INFOPLIST_KEY_UISupportedInterfaceOrientations_iPhone = "UIInterfaceOrientationPortrait UIInterfaceOrientationLandscapeLeft UIInterfaceOrientationLandscapeRight";
				LD_RUNPATH_SEARCH_PATHS = (
					"$(inherited)",
					"@executable_path/Frameworks",
				);
				MARKETING_VERSION = 1.0;
				PRODUCT_BUNDLE_IDENTIFIER = com.boolbada.Doolda;
				PRODUCT_NAME = "$(TARGET_NAME)";
				SWIFT_EMIT_LOC_STRINGS = YES;
				SWIFT_VERSION = 5.0;
				TARGETED_DEVICE_FAMILY = "1,2";
			};
			name = Release;
		};
		669ADE382732E4A8007B529B /* Debug */ = {
			isa = XCBuildConfiguration;
			buildSettings = {
				BUNDLE_LOADER = "$(TEST_HOST)";
				CODE_SIGN_STYLE = Automatic;
				CURRENT_PROJECT_VERSION = 1;
				DEVELOPMENT_TEAM = B3PWYBKFUK;
				GENERATE_INFOPLIST_FILE = YES;
				LD_RUNPATH_SEARCH_PATHS = (
					"$(inherited)",
					"@executable_path/Frameworks",
					"@loader_path/Frameworks",
				);
				MARKETING_VERSION = 1.0;
				PRODUCT_BUNDLE_IDENTIFIER = com.boolbada.Doolda.RefreshPairIdUseCase;
				PRODUCT_NAME = "$(TARGET_NAME)";
				SWIFT_EMIT_LOC_STRINGS = NO;
				SWIFT_VERSION = 5.0;
				TARGETED_DEVICE_FAMILY = "1,2";
				TEST_HOST = "$(BUILT_PRODUCTS_DIR)/Doolda.app/Doolda";
			};
			name = Debug;
		};
		669ADE392732E4A8007B529B /* Release */ = {
			isa = XCBuildConfiguration;
			buildSettings = {
				BUNDLE_LOADER = "$(TEST_HOST)";
				CODE_SIGN_STYLE = Automatic;
				CURRENT_PROJECT_VERSION = 1;
				DEVELOPMENT_TEAM = B3PWYBKFUK;
				GENERATE_INFOPLIST_FILE = YES;
				LD_RUNPATH_SEARCH_PATHS = (
					"$(inherited)",
					"@executable_path/Frameworks",
					"@loader_path/Frameworks",
				);
				MARKETING_VERSION = 1.0;
				PRODUCT_BUNDLE_IDENTIFIER = com.boolbada.Doolda.RefreshPairIdUseCase;
				PRODUCT_NAME = "$(TARGET_NAME)";
				SWIFT_EMIT_LOC_STRINGS = NO;
				SWIFT_VERSION = 5.0;
				TARGETED_DEVICE_FAMILY = "1,2";
				TEST_HOST = "$(BUILT_PRODUCTS_DIR)/Doolda.app/Doolda";
			};
			name = Release;
		};
		FC5FB7A827328A19008AC3D2 /* Debug */ = {
			isa = XCBuildConfiguration;
			buildSettings = {
				CODE_SIGN_STYLE = Automatic;
				CURRENT_PROJECT_VERSION = 1;
				DEVELOPMENT_TEAM = B3PWYBKFUK;
				GENERATE_INFOPLIST_FILE = YES;
				LD_RUNPATH_SEARCH_PATHS = (
					"$(inherited)",
					"@executable_path/Frameworks",
					"@loader_path/Frameworks",
				);
				MARKETING_VERSION = 1.0;
				PRODUCT_BUNDLE_IDENTIFIER = test.UserDefaultsPersistenceServiceTest;
				PRODUCT_NAME = "$(TARGET_NAME)";
				SWIFT_EMIT_LOC_STRINGS = NO;
				SWIFT_VERSION = 5.0;
				TARGETED_DEVICE_FAMILY = "1,2";
			};
			name = Debug;
		};
		FC5FB7A927328A19008AC3D2 /* Release */ = {
			isa = XCBuildConfiguration;
			buildSettings = {
				CODE_SIGN_STYLE = Automatic;
				CURRENT_PROJECT_VERSION = 1;
				DEVELOPMENT_TEAM = B3PWYBKFUK;
				GENERATE_INFOPLIST_FILE = YES;
				LD_RUNPATH_SEARCH_PATHS = (
					"$(inherited)",
					"@executable_path/Frameworks",
					"@loader_path/Frameworks",
				);
				MARKETING_VERSION = 1.0;
				PRODUCT_BUNDLE_IDENTIFIER = test.UserDefaultsPersistenceServiceTest;
				PRODUCT_NAME = "$(TARGET_NAME)";
				SWIFT_EMIT_LOC_STRINGS = NO;
				SWIFT_VERSION = 5.0;
				TARGETED_DEVICE_FAMILY = "1,2";
			};
			name = Release;
		};
		FC5FB7D027339213008AC3D2 /* Debug */ = {
			isa = XCBuildConfiguration;
			buildSettings = {
				BUNDLE_LOADER = "$(TEST_HOST)";
				CODE_SIGN_STYLE = Automatic;
				CURRENT_PROJECT_VERSION = 1;
				DEVELOPMENT_TEAM = B3PWYBKFUK;
				GENERATE_INFOPLIST_FILE = YES;
				LD_RUNPATH_SEARCH_PATHS = (
					"$(inherited)",
					"@executable_path/Frameworks",
					"@loader_path/Frameworks",
				);
				MARKETING_VERSION = 1.0;
				PRODUCT_BUNDLE_IDENTIFIER = test.UserRepositoryTests;
				PRODUCT_NAME = "$(TARGET_NAME)";
				SWIFT_EMIT_LOC_STRINGS = NO;
				SWIFT_VERSION = 5.0;
				TARGETED_DEVICE_FAMILY = "1,2";
				TEST_HOST = "$(BUILT_PRODUCTS_DIR)/Doolda.app/Doolda";
			};
			name = Debug;
		};
		FC5FB7D127339213008AC3D2 /* Release */ = {
			isa = XCBuildConfiguration;
			buildSettings = {
				BUNDLE_LOADER = "$(TEST_HOST)";
				CODE_SIGN_STYLE = Automatic;
				CURRENT_PROJECT_VERSION = 1;
				DEVELOPMENT_TEAM = B3PWYBKFUK;
				GENERATE_INFOPLIST_FILE = YES;
				LD_RUNPATH_SEARCH_PATHS = (
					"$(inherited)",
					"@executable_path/Frameworks",
					"@loader_path/Frameworks",
				);
				MARKETING_VERSION = 1.0;
				PRODUCT_BUNDLE_IDENTIFIER = test.UserRepositoryTests;
				PRODUCT_NAME = "$(TARGET_NAME)";
				SWIFT_EMIT_LOC_STRINGS = NO;
				SWIFT_VERSION = 5.0;
				TARGETED_DEVICE_FAMILY = "1,2";
				TEST_HOST = "$(BUILT_PRODUCTS_DIR)/Doolda.app/Doolda";
			};
			name = Release;
		};
		FC9F1069273102E30060FEB7 /* Debug */ = {
			isa = XCBuildConfiguration;
			buildSettings = {
				CODE_SIGN_STYLE = Automatic;
				CURRENT_PROJECT_VERSION = 1;
				DEVELOPMENT_TEAM = B3PWYBKFUK;
				GENERATE_INFOPLIST_FILE = YES;
				LD_RUNPATH_SEARCH_PATHS = (
					"$(inherited)",
					"@executable_path/Frameworks",
					"@loader_path/Frameworks",
				);
				MARKETING_VERSION = 1.0;
				PRODUCT_BUNDLE_IDENTIFIER = test.DooldaTests;
				PRODUCT_NAME = "$(TARGET_NAME)";
				SWIFT_EMIT_LOC_STRINGS = NO;
				SWIFT_VERSION = 5.0;
				TARGETED_DEVICE_FAMILY = "1,2";
			};
			name = Debug;
		};
		FC9F106A273102E30060FEB7 /* Release */ = {
			isa = XCBuildConfiguration;
			buildSettings = {
				CODE_SIGN_STYLE = Automatic;
				CURRENT_PROJECT_VERSION = 1;
				DEVELOPMENT_TEAM = B3PWYBKFUK;
				GENERATE_INFOPLIST_FILE = YES;
				LD_RUNPATH_SEARCH_PATHS = (
					"$(inherited)",
					"@executable_path/Frameworks",
					"@loader_path/Frameworks",
				);
				MARKETING_VERSION = 1.0;
				PRODUCT_BUNDLE_IDENTIFIER = test.DooldaTests;
				PRODUCT_NAME = "$(TARGET_NAME)";
				SWIFT_EMIT_LOC_STRINGS = NO;
				SWIFT_VERSION = 5.0;
				TARGETED_DEVICE_FAMILY = "1,2";
			};
			name = Release;
		};
		FC9F108627315EB80060FEB7 /* Debug */ = {
			isa = XCBuildConfiguration;
			buildSettings = {
				BUNDLE_LOADER = "$(TEST_HOST)";
				CODE_SIGN_STYLE = Automatic;
				CURRENT_PROJECT_VERSION = 1;
				DEVELOPMENT_TEAM = B3PWYBKFUK;
				GENERATE_INFOPLIST_FILE = YES;
				LD_RUNPATH_SEARCH_PATHS = (
					"$(inherited)",
					"@executable_path/Frameworks",
					"@loader_path/Frameworks",
				);
				MARKETING_VERSION = 1.0;
				PRODUCT_BUNDLE_IDENTIFIER = test.FirebaseNetworkTest;
				PRODUCT_NAME = "$(TARGET_NAME)";
				SWIFT_EMIT_LOC_STRINGS = NO;
				SWIFT_VERSION = 5.0;
				TARGETED_DEVICE_FAMILY = "1,2";
				TEST_HOST = "$(BUILT_PRODUCTS_DIR)/Doolda.app/Doolda";
			};
			name = Debug;
		};
		FC9F108727315EB80060FEB7 /* Release */ = {
			isa = XCBuildConfiguration;
			buildSettings = {
				BUNDLE_LOADER = "$(TEST_HOST)";
				CODE_SIGN_STYLE = Automatic;
				CURRENT_PROJECT_VERSION = 1;
				DEVELOPMENT_TEAM = B3PWYBKFUK;
				GENERATE_INFOPLIST_FILE = YES;
				LD_RUNPATH_SEARCH_PATHS = (
					"$(inherited)",
					"@executable_path/Frameworks",
					"@loader_path/Frameworks",
				);
				MARKETING_VERSION = 1.0;
				PRODUCT_BUNDLE_IDENTIFIER = test.FirebaseNetworkTest;
				PRODUCT_NAME = "$(TARGET_NAME)";
				SWIFT_EMIT_LOC_STRINGS = NO;
				SWIFT_VERSION = 5.0;
				TARGETED_DEVICE_FAMILY = "1,2";
				TEST_HOST = "$(BUILT_PRODUCTS_DIR)/Doolda.app/Doolda";
			};
			name = Release;
		};
/* End XCBuildConfiguration section */

/* Begin XCConfigurationList section */
		1D0C8BCD2732B5F90091ACC0 /* Build configuration list for PBXNativeTarget "GetPairIdUseCaseTest" */ = {
			isa = XCConfigurationList;
			buildConfigurations = (
				1D0C8BCE2732B5F90091ACC0 /* Debug */,
				1D0C8BCF2732B5F90091ACC0 /* Release */,
			);
			defaultConfigurationIsVisible = 0;
			defaultConfigurationName = Release;
		};
		310D812B2733C7FC00F15F4F /* Build configuration list for PBXNativeTarget "SplashViewModelTest" */ = {
			isa = XCConfigurationList;
			buildConfigurations = (
				310D81292733C7FC00F15F4F /* Debug */,
				310D812A2733C7FC00F15F4F /* Release */,
			);
			defaultConfigurationIsVisible = 0;
			defaultConfigurationName = Release;
		};
		310D813E2733E56D00F15F4F /* Build configuration list for PBXNativeTarget "PairingViewModelTests" */ = {
			isa = XCConfigurationList;
			buildConfigurations = (
				310D81392733E47A00F15F4F /* Debug */,
				310D813A2733E47A00F15F4F /* Release */,
			);
			defaultConfigurationIsVisible = 0;
			defaultConfigurationName = Release;
		};
		310D813F2733E56D00F15F4F /* Build configuration list for PBXNativeTarget "GeneratePairIdUseCaseTests" */ = {
			isa = XCConfigurationList;
			buildConfigurations = (
				310D813B2733E47A00F15F4F /* Debug */,
				310D813C2733E47A00F15F4F /* Release */,
			);
			defaultConfigurationIsVisible = 0;
			defaultConfigurationName = Release;
		};
		664893B8273007ED009F03E2 /* Build configuration list for PBXProject "Doolda" */ = {
			isa = XCConfigurationList;
			buildConfigurations = (
				664893CF273007F1009F03E2 /* Debug */,
				664893D0273007F1009F03E2 /* Release */,
			);
			defaultConfigurationIsVisible = 0;
			defaultConfigurationName = Release;
		};
		664893D1273007F1009F03E2 /* Build configuration list for PBXNativeTarget "Doolda" */ = {
			isa = XCConfigurationList;
			buildConfigurations = (
				664893D2273007F1009F03E2 /* Debug */,
				664893D3273007F1009F03E2 /* Release */,
			);
			defaultConfigurationIsVisible = 0;
			defaultConfigurationName = Release;
		};
		669ADE3A2732E4A8007B529B /* Build configuration list for PBXNativeTarget "RefreshPairIdUseCaseTest" */ = {
			isa = XCConfigurationList;
			buildConfigurations = (
				669ADE382732E4A8007B529B /* Debug */,
				669ADE392732E4A8007B529B /* Release */,
			);
			defaultConfigurationIsVisible = 0;
			defaultConfigurationName = Release;
		};
		FC5FB7A727328A19008AC3D2 /* Build configuration list for PBXNativeTarget "UserDefaultsPersistenceServiceTest" */ = {
			isa = XCConfigurationList;
			buildConfigurations = (
				FC5FB7A827328A19008AC3D2 /* Debug */,
				FC5FB7A927328A19008AC3D2 /* Release */,
			);
			defaultConfigurationIsVisible = 0;
			defaultConfigurationName = Release;
		};
		FC5FB7CF27339213008AC3D2 /* Build configuration list for PBXNativeTarget "UserRepositoryTests" */ = {
			isa = XCConfigurationList;
			buildConfigurations = (
				FC5FB7D027339213008AC3D2 /* Debug */,
				FC5FB7D127339213008AC3D2 /* Release */,
			);
			defaultConfigurationIsVisible = 0;
			defaultConfigurationName = Release;
		};
		FC9F1068273102E30060FEB7 /* Build configuration list for PBXNativeTarget "GetMyIdUseCaseTest" */ = {
			isa = XCConfigurationList;
			buildConfigurations = (
				FC9F1069273102E30060FEB7 /* Debug */,
				FC9F106A273102E30060FEB7 /* Release */,
			);
			defaultConfigurationIsVisible = 0;
			defaultConfigurationName = Release;
		};
		FC9F108527315EB80060FEB7 /* Build configuration list for PBXNativeTarget "FirebaseNetworkTest" */ = {
			isa = XCConfigurationList;
			buildConfigurations = (
				FC9F108627315EB80060FEB7 /* Debug */,
				FC9F108727315EB80060FEB7 /* Release */,
			);
			defaultConfigurationIsVisible = 0;
			defaultConfigurationName = Release;
		};
/* End XCConfigurationList section */

/* Begin XCRemoteSwiftPackageReference section */
		1DDAF0442730CE14006CD027 /* XCRemoteSwiftPackageReference "firebase-ios-sdk" */ = {
			isa = XCRemoteSwiftPackageReference;
			repositoryURL = "https://github.com/firebase/firebase-ios-sdk.git";
			requirement = {
				kind = upToNextMajorVersion;
				minimumVersion = 8.0.0;
			};
		};
		664893EB27300D7D009F03E2 /* XCRemoteSwiftPackageReference "SnapKit" */ = {
			isa = XCRemoteSwiftPackageReference;
			repositoryURL = "https://github.com/SnapKit/SnapKit.git";
			requirement = {
				branch = develop;
				kind = branch;
			};
		};
		664893EE27300DB9009F03E2 /* XCRemoteSwiftPackageReference "Kingfisher" */ = {
			isa = XCRemoteSwiftPackageReference;
			repositoryURL = "https://github.com/onevcat/Kingfisher.git";
			requirement = {
				kind = upToNextMajorVersion;
				minimumVersion = 7.0.0;
			};
		};
		664893F127300E28009F03E2 /* XCRemoteSwiftPackageReference "SwiftLint" */ = {
			isa = XCRemoteSwiftPackageReference;
			repositoryURL = "https://github.com/realm/SwiftLint";
			requirement = {
				kind = upToNextMajorVersion;
				minimumVersion = 0.9.2;
			};
		};
/* End XCRemoteSwiftPackageReference section */

/* Begin XCSwiftPackageProductDependency section */
		1DDAF0452730CE14006CD027 /* FirebaseAnalytics */ = {
			isa = XCSwiftPackageProductDependency;
			package = 1DDAF0442730CE14006CD027 /* XCRemoteSwiftPackageReference "firebase-ios-sdk" */;
			productName = FirebaseAnalytics;
		};
		1DDAF0472730CE14006CD027 /* FirebaseAuth */ = {
			isa = XCSwiftPackageProductDependency;
			package = 1DDAF0442730CE14006CD027 /* XCRemoteSwiftPackageReference "firebase-ios-sdk" */;
			productName = FirebaseAuth;
		};
		1DDAF0492730CE14006CD027 /* FirebaseDatabase */ = {
			isa = XCSwiftPackageProductDependency;
			package = 1DDAF0442730CE14006CD027 /* XCRemoteSwiftPackageReference "firebase-ios-sdk" */;
			productName = FirebaseDatabase;
		};
		1DDAF04B2730CE14006CD027 /* FirebaseFirestore */ = {
			isa = XCSwiftPackageProductDependency;
			package = 1DDAF0442730CE14006CD027 /* XCRemoteSwiftPackageReference "firebase-ios-sdk" */;
			productName = FirebaseFirestore;
		};
		1DDAF04D2730CE14006CD027 /* FirebaseMessaging */ = {
			isa = XCSwiftPackageProductDependency;
			package = 1DDAF0442730CE14006CD027 /* XCRemoteSwiftPackageReference "firebase-ios-sdk" */;
			productName = FirebaseMessaging;
		};
		1DDAF04F2730CE14006CD027 /* FirebaseStorage */ = {
			isa = XCSwiftPackageProductDependency;
			package = 1DDAF0442730CE14006CD027 /* XCRemoteSwiftPackageReference "firebase-ios-sdk" */;
			productName = FirebaseStorage;
		};
		664893EC27300D7D009F03E2 /* SnapKit */ = {
			isa = XCSwiftPackageProductDependency;
			package = 664893EB27300D7D009F03E2 /* XCRemoteSwiftPackageReference "SnapKit" */;
			productName = SnapKit;
		};
		664893EF27300DB9009F03E2 /* Kingfisher */ = {
			isa = XCSwiftPackageProductDependency;
			package = 664893EE27300DB9009F03E2 /* XCRemoteSwiftPackageReference "Kingfisher" */;
			productName = Kingfisher;
		};
/* End XCSwiftPackageProductDependency section */
	};
	rootObject = 664893B5273007ED009F03E2 /* Project object */;
}
